
Microsoft Visual Studio Solution File, Format Version 12.00
# Visual Studio Version 17
VisualStudioVersion = 17.7.34221.43
MinimumVisualStudioVersion = 10.0.40219.1
Project("{8BC9CEB8-8B4A-11D0-8D11-00A0C91BC942}") = "example-1", "example-1\example-1.vcxproj", "{F3874E45-27D6-4D85-8985-ABA492001099}"
EndProject
Project("{8BC9CEB8-8B4A-11D0-8D11-00A0C91BC942}") = "example-2", "example-2\example-2.vcxproj", "{D00CE7A0-1EF1-49C5-BE83-E6D130A88358}"
EndProject
Project("{8BC9CEB8-8B4A-11D0-8D11-00A0C91BC942}") = "example-3", "example-3\example-3.vcxproj", "{868F931C-3D1A-435B-B536-26E5F5CEF586}"
EndProject
Project("{8BC9CEB8-8B4A-11D0-8D11-00A0C91BC942}") = "example-4-1", "example-4\example-4.vcxproj", "{30DF48C6-CB39-4FA5-AFD3-069D4464BFDF}"
EndProject
Project("{8BC9CEB8-8B4A-11D0-8D11-00A0C91BC942}") = "example-4-2", "example-4-2\example-4-2.vcxproj", "{D94CB930-0BF8-4E0B-9385-42D4F4E02C73}"
EndProject
Project("{8BC9CEB8-8B4A-11D0-8D11-00A0C91BC942}") = "example-4-3", "example-4-3\example-4-3.vcxproj", "{996A1E9D-D279-4827-9D92-15BD02F4A298}"
EndProject
Project("{8BC9CEB8-8B4A-11D0-8D11-00A0C91BC942}") = "example-4-4", "example-4-4\example-4-4.vcxproj", "{4A5C57A8-8C37-474C-8712-046BEFBD1BAE}"
EndProject
Project("{8BC9CEB8-8B4A-11D0-8D11-00A0C91BC942}") = "example-4-5", "exercise-4-5\exercise-4-5.vcxproj", "{5C79B2EA-44A8-4C91-93B4-EF72AD4DDA5A}"
EndProject
Project("{8BC9CEB8-8B4A-11D0-8D11-00A0C91BC942}") = "example-4-6", "example-4-6\example-4-6.vcxproj", "{82D8A7B7-2986-40A1-B556-47BE40111810}"
EndProject
Project("{8BC9CEB8-8B4A-11D0-8D11-00A0C91BC942}") = "example-4-7", "example-4-7\example-4-7.vcxproj", "{91A39AA6-50AA-4814-948D-67578E670927}"
EndProject
Project("{8BC9CEB8-8B4A-11D0-8D11-00A0C91BC942}") = "example-4-8", "example-4-8\example-4-8.vcxproj", "{DD749A43-46DA-4376-8A85-2EE4E25278DA}"
EndProject
Project("{8BC9CEB8-8B4A-11D0-8D11-00A0C91BC942}") = "example-4-9", "example-4-9\example-4-9.vcxproj", "{E1626DA6-397D-4B20-932B-299EF3C98DFF}"
EndProject
Project("{8BC9CEB8-8B4A-11D0-8D11-00A0C91BC942}") = "example-4-10", "example-4-10\example-4-10.vcxproj", "{D941333D-B21F-42F3-B710-7D56D8647880}"
EndProject
Project("{8BC9CEB8-8B4A-11D0-8D11-00A0C91BC942}") = "example-4-11", "example-4-11\example-4-11.vcxproj", "{FD76ED74-0F9B-4E3A-BFE1-A2A4239EB74F}"
EndProject
Project("{8BC9CEB8-8B4A-11D0-8D11-00A0C91BC942}") = "example-4-12", "example-4-12\example-4-12.vcxproj", "{327392B7-8CF3-4EC9-9697-9996BAFB7EA3}"
EndProject
Project("{8BC9CEB8-8B4A-11D0-8D11-00A0C91BC942}") = "example-4-13", "example-4-13\example-4-13.vcxproj", "{5D63427E-D1CB-4E26-9D66-8153DE006AC1}"
EndProject
Project("{8BC9CEB8-8B4A-11D0-8D11-00A0C91BC942}") = "example-4-14", "example-4-14\example-4-14.vcxproj", "{6AF72AA2-B00A-40E4-9063-FDFAB3D99DB0}"
EndProject
Project("{8BC9CEB8-8B4A-11D0-8D11-00A0C91BC942}") = "example-4-15", "example-4-15\example-4-15.vcxproj", "{92F46AA5-6DE9-43A7-B248-E88F0F84CEB6}"
EndProject
Project("{8BC9CEB8-8B4A-11D0-8D11-00A0C91BC942}") = "example-4-16", "example-4-16\example-4-16.vcxproj", "{D4043C1A-62C7-492A-9234-742B7DB5CD44}"
EndProject
Project("{8BC9CEB8-8B4A-11D0-8D11-00A0C91BC942}") = "example-5-1", "example-5-1\example-5-1.vcxproj", "{4F983BD8-0125-479F-8351-931BB3B5B9DC}"
EndProject
Project("{8BC9CEB8-8B4A-11D0-8D11-00A0C91BC942}") = "example-5-2", "example-5-2\example-5-2.vcxproj", "{B534626C-8A55-49DC-8B87-0D303B1C6E9B}"
EndProject
Project("{8BC9CEB8-8B4A-11D0-8D11-00A0C91BC942}") = "example5-3", "example5-3\example5-3.vcxproj", "{A83741F1-6DB1-4DD3-B298-D630274F7D97}"
EndProject
Project("{8BC9CEB8-8B4A-11D0-8D11-00A0C91BC942}") = "example-5-4", "example-5-4\example-5-4.vcxproj", "{B9479776-1ABD-41A1-9638-EFC52F5444D9}"
EndProject
Project("{8BC9CEB8-8B4A-11D0-8D11-00A0C91BC942}") = "example-5-5", "example-5-5\example-5-5.vcxproj", "{0FBC5553-C516-4D2E-8BC5-493209F8DC81}"
EndProject
Project("{8BC9CEB8-8B4A-11D0-8D11-00A0C91BC942}") = "example-5-6", "example-5-6\example-5-6.vcxproj", "{5306C749-FC80-4605-A2C7-5E09B43A5CFD}"
EndProject
Project("{8BC9CEB8-8B4A-11D0-8D11-00A0C91BC942}") = "example-5-7", "example-5-7\example-5-7.vcxproj", "{0C75A9D6-7BCD-494F-88B1-DB0C426363A7}"
EndProject
Project("{8BC9CEB8-8B4A-11D0-8D11-00A0C91BC942}") = "example-5-8", "example-5-8\example-5-8.vcxproj", "{0007A451-3CDA-4E23-8536-F33D8B4EF5DF}"
EndProject
Project("{8BC9CEB8-8B4A-11D0-8D11-00A0C91BC942}") = "example-5-9", "example-5-9\example-5-9.vcxproj", "{E8FD2AF1-8579-40BF-932F-3DC71AA3B597}"
EndProject
Project("{8BC9CEB8-8B4A-11D0-8D11-00A0C91BC942}") = "example-5-10", "example-5-10\example-5-10.vcxproj", "{79882312-2FE2-4C50-AEB7-F050A6C4D918}"
EndProject
Project("{8BC9CEB8-8B4A-11D0-8D11-00A0C91BC942}") = "example-5-11", "example-5-11\example-5-11.vcxproj", "{D243116D-4F81-44BA-AF1F-A325F09F0EFE}"
EndProject
Project("{8BC9CEB8-8B4A-11D0-8D11-00A0C91BC942}") = "example-5-12", "example-5-12\example-5-12.vcxproj", "{DF010524-9812-4599-82A4-36AD16C27A29}"
EndProject
Project("{8BC9CEB8-8B4A-11D0-8D11-00A0C91BC942}") = "example-5-13", "example-5-13\example-5-13.vcxproj", "{DB0E8E77-2D55-489C-8DFE-24E2315F8133}"
EndProject
Project("{8BC9CEB8-8B4A-11D0-8D11-00A0C91BC942}") = "example-6-1", "example-6-1\example-6-1.vcxproj", "{8DD1D11B-20EF-42F7-9187-F71AE78190CE}"
EndProject
Project("{8BC9CEB8-8B4A-11D0-8D11-00A0C91BC942}") = "example-6-2", "example-6-2\example-6-2.vcxproj", "{7D50E274-4ADA-4461-8E02-B467FF2C32C1}"
EndProject
Project("{8BC9CEB8-8B4A-11D0-8D11-00A0C91BC942}") = "example-6-3", "example-6-3\example-6-3.vcxproj", "{FE99CD73-E5AF-4861-A0F5-400A71761475}"
EndProject
Project("{8BC9CEB8-8B4A-11D0-8D11-00A0C91BC942}") = "example-6-4", "example-6-4\example-6-4.vcxproj", "{327883A2-6969-453A-BA9E-7D7228984185}"
EndProject
Project("{8BC9CEB8-8B4A-11D0-8D11-00A0C91BC942}") = "example-6-5", "example-6-5\example-6-5.vcxproj", "{A58BB3D5-20C8-4C2A-BA6C-927C7E02968B}"
EndProject
Project("{8BC9CEB8-8B4A-11D0-8D11-00A0C91BC942}") = "example-6-6", "example-6-6\example-6-6.vcxproj", "{3DF2F51B-EFF1-47F5-B848-36C4BE6927CB}"
EndProject
Project("{8BC9CEB8-8B4A-11D0-8D11-00A0C91BC942}") = "example-6-7", "example-6-7\example-6-7.vcxproj", "{F4C11B26-01B5-4DBC-BDEE-BBF9E71A0082}"
EndProject
Project("{8BC9CEB8-8B4A-11D0-8D11-00A0C91BC942}") = "example-6-8", "example-6-8\example-6-8.vcxproj", "{26EF4432-D6F1-46EC-864B-9EDD36FA482E}"
EndProject
Project("{8BC9CEB8-8B4A-11D0-8D11-00A0C91BC942}") = "example-6-9", "example-6-9\example-6-9.vcxproj", "{8476AA6B-B721-479F-BB01-4C95554DE13C}"
EndProject
Project("{8BC9CEB8-8B4A-11D0-8D11-00A0C91BC942}") = "example-6-10", "example-6-10\example-6-10.vcxproj", "{1AEDC342-71AA-4763-9FEA-93E75969D1B6}"
EndProject
Project("{8BC9CEB8-8B4A-11D0-8D11-00A0C91BC942}") = "example-6-11", "example-6-11\example-6-11.vcxproj", "{64CB0938-5592-4F83-BB09-3CC357A78A4D}"
EndProject
Project("{8BC9CEB8-8B4A-11D0-8D11-00A0C91BC942}") = "example-6-12", "example-6-12\example-6-12.vcxproj", "{43D18A69-E85A-4EEE-8B3E-760875D19640}"
EndProject
Project("{8BC9CEB8-8B4A-11D0-8D11-00A0C91BC942}") = "example-6-13", "example-6-13\example-6-13.vcxproj", "{FC28E125-9991-4C2F-BEAD-FCBA67C7209B}"
EndProject
Project("{8BC9CEB8-8B4A-11D0-8D11-00A0C91BC942}") = "example-6-14", "example-6-14\example-6-14.vcxproj", "{E2B4FD28-9C32-429D-898E-22E966443C72}"
EndProject
Project("{8BC9CEB8-8B4A-11D0-8D11-00A0C91BC942}") = "example-6-17", "example-6-17\example-6-17.vcxproj", "{AE20DCEB-874F-4202-8FFF-65C8635300B1}"
EndProject
Global
	GlobalSection(SolutionConfigurationPlatforms) = preSolution
		Debug|x64 = Debug|x64
		Debug|x86 = Debug|x86
		Release|x64 = Release|x64
		Release|x86 = Release|x86
	EndGlobalSection
	GlobalSection(ProjectConfigurationPlatforms) = postSolution
		{F3874E45-27D6-4D85-8985-ABA492001099}.Debug|x64.ActiveCfg = Debug|x64
		{F3874E45-27D6-4D85-8985-ABA492001099}.Debug|x64.Build.0 = Debug|x64
		{F3874E45-27D6-4D85-8985-ABA492001099}.Debug|x86.ActiveCfg = Debug|Win32
		{F3874E45-27D6-4D85-8985-ABA492001099}.Debug|x86.Build.0 = Debug|Win32
		{F3874E45-27D6-4D85-8985-ABA492001099}.Release|x64.ActiveCfg = Release|x64
		{F3874E45-27D6-4D85-8985-ABA492001099}.Release|x64.Build.0 = Release|x64
		{F3874E45-27D6-4D85-8985-ABA492001099}.Release|x86.ActiveCfg = Release|Win32
		{F3874E45-27D6-4D85-8985-ABA492001099}.Release|x86.Build.0 = Release|Win32
		{D00CE7A0-1EF1-49C5-BE83-E6D130A88358}.Debug|x64.ActiveCfg = Debug|x64
		{D00CE7A0-1EF1-49C5-BE83-E6D130A88358}.Debug|x64.Build.0 = Debug|x64
		{D00CE7A0-1EF1-49C5-BE83-E6D130A88358}.Debug|x86.ActiveCfg = Debug|Win32
		{D00CE7A0-1EF1-49C5-BE83-E6D130A88358}.Debug|x86.Build.0 = Debug|Win32
		{D00CE7A0-1EF1-49C5-BE83-E6D130A88358}.Release|x64.ActiveCfg = Release|x64
		{D00CE7A0-1EF1-49C5-BE83-E6D130A88358}.Release|x64.Build.0 = Release|x64
		{D00CE7A0-1EF1-49C5-BE83-E6D130A88358}.Release|x86.ActiveCfg = Release|Win32
		{D00CE7A0-1EF1-49C5-BE83-E6D130A88358}.Release|x86.Build.0 = Release|Win32
		{868F931C-3D1A-435B-B536-26E5F5CEF586}.Debug|x64.ActiveCfg = Debug|x64
		{868F931C-3D1A-435B-B536-26E5F5CEF586}.Debug|x64.Build.0 = Debug|x64
		{868F931C-3D1A-435B-B536-26E5F5CEF586}.Debug|x86.ActiveCfg = Debug|Win32
		{868F931C-3D1A-435B-B536-26E5F5CEF586}.Debug|x86.Build.0 = Debug|Win32
		{868F931C-3D1A-435B-B536-26E5F5CEF586}.Release|x64.ActiveCfg = Release|x64
		{868F931C-3D1A-435B-B536-26E5F5CEF586}.Release|x64.Build.0 = Release|x64
		{868F931C-3D1A-435B-B536-26E5F5CEF586}.Release|x86.ActiveCfg = Release|Win32
		{868F931C-3D1A-435B-B536-26E5F5CEF586}.Release|x86.Build.0 = Release|Win32
		{30DF48C6-CB39-4FA5-AFD3-069D4464BFDF}.Debug|x64.ActiveCfg = Debug|x64
		{30DF48C6-CB39-4FA5-AFD3-069D4464BFDF}.Debug|x64.Build.0 = Debug|x64
		{30DF48C6-CB39-4FA5-AFD3-069D4464BFDF}.Debug|x86.ActiveCfg = Debug|Win32
		{30DF48C6-CB39-4FA5-AFD3-069D4464BFDF}.Debug|x86.Build.0 = Debug|Win32
		{30DF48C6-CB39-4FA5-AFD3-069D4464BFDF}.Release|x64.ActiveCfg = Release|x64
		{30DF48C6-CB39-4FA5-AFD3-069D4464BFDF}.Release|x64.Build.0 = Release|x64
		{30DF48C6-CB39-4FA5-AFD3-069D4464BFDF}.Release|x86.ActiveCfg = Release|Win32
		{30DF48C6-CB39-4FA5-AFD3-069D4464BFDF}.Release|x86.Build.0 = Release|Win32
		{D94CB930-0BF8-4E0B-9385-42D4F4E02C73}.Debug|x64.ActiveCfg = Debug|x64
		{D94CB930-0BF8-4E0B-9385-42D4F4E02C73}.Debug|x64.Build.0 = Debug|x64
		{D94CB930-0BF8-4E0B-9385-42D4F4E02C73}.Debug|x86.ActiveCfg = Debug|Win32
		{D94CB930-0BF8-4E0B-9385-42D4F4E02C73}.Debug|x86.Build.0 = Debug|Win32
		{D94CB930-0BF8-4E0B-9385-42D4F4E02C73}.Release|x64.ActiveCfg = Release|x64
		{D94CB930-0BF8-4E0B-9385-42D4F4E02C73}.Release|x64.Build.0 = Release|x64
		{D94CB930-0BF8-4E0B-9385-42D4F4E02C73}.Release|x86.ActiveCfg = Release|Win32
		{D94CB930-0BF8-4E0B-9385-42D4F4E02C73}.Release|x86.Build.0 = Release|Win32
		{996A1E9D-D279-4827-9D92-15BD02F4A298}.Debug|x64.ActiveCfg = Debug|x64
		{996A1E9D-D279-4827-9D92-15BD02F4A298}.Debug|x64.Build.0 = Debug|x64
		{996A1E9D-D279-4827-9D92-15BD02F4A298}.Debug|x86.ActiveCfg = Debug|Win32
		{996A1E9D-D279-4827-9D92-15BD02F4A298}.Debug|x86.Build.0 = Debug|Win32
		{996A1E9D-D279-4827-9D92-15BD02F4A298}.Release|x64.ActiveCfg = Release|x64
		{996A1E9D-D279-4827-9D92-15BD02F4A298}.Release|x64.Build.0 = Release|x64
		{996A1E9D-D279-4827-9D92-15BD02F4A298}.Release|x86.ActiveCfg = Release|Win32
		{996A1E9D-D279-4827-9D92-15BD02F4A298}.Release|x86.Build.0 = Release|Win32
		{4A5C57A8-8C37-474C-8712-046BEFBD1BAE}.Debug|x64.ActiveCfg = Debug|x64
		{4A5C57A8-8C37-474C-8712-046BEFBD1BAE}.Debug|x64.Build.0 = Debug|x64
		{4A5C57A8-8C37-474C-8712-046BEFBD1BAE}.Debug|x86.ActiveCfg = Debug|Win32
		{4A5C57A8-8C37-474C-8712-046BEFBD1BAE}.Debug|x86.Build.0 = Debug|Win32
		{4A5C57A8-8C37-474C-8712-046BEFBD1BAE}.Release|x64.ActiveCfg = Release|x64
		{4A5C57A8-8C37-474C-8712-046BEFBD1BAE}.Release|x64.Build.0 = Release|x64
		{4A5C57A8-8C37-474C-8712-046BEFBD1BAE}.Release|x86.ActiveCfg = Release|Win32
		{4A5C57A8-8C37-474C-8712-046BEFBD1BAE}.Release|x86.Build.0 = Release|Win32
		{5C79B2EA-44A8-4C91-93B4-EF72AD4DDA5A}.Debug|x64.ActiveCfg = Debug|x64
		{5C79B2EA-44A8-4C91-93B4-EF72AD4DDA5A}.Debug|x64.Build.0 = Debug|x64
		{5C79B2EA-44A8-4C91-93B4-EF72AD4DDA5A}.Debug|x86.ActiveCfg = Debug|Win32
		{5C79B2EA-44A8-4C91-93B4-EF72AD4DDA5A}.Debug|x86.Build.0 = Debug|Win32
		{5C79B2EA-44A8-4C91-93B4-EF72AD4DDA5A}.Release|x64.ActiveCfg = Release|x64
		{5C79B2EA-44A8-4C91-93B4-EF72AD4DDA5A}.Release|x64.Build.0 = Release|x64
		{5C79B2EA-44A8-4C91-93B4-EF72AD4DDA5A}.Release|x86.ActiveCfg = Release|Win32
		{5C79B2EA-44A8-4C91-93B4-EF72AD4DDA5A}.Release|x86.Build.0 = Release|Win32
		{82D8A7B7-2986-40A1-B556-47BE40111810}.Debug|x64.ActiveCfg = Debug|x64
		{82D8A7B7-2986-40A1-B556-47BE40111810}.Debug|x64.Build.0 = Debug|x64
		{82D8A7B7-2986-40A1-B556-47BE40111810}.Debug|x86.ActiveCfg = Debug|Win32
		{82D8A7B7-2986-40A1-B556-47BE40111810}.Debug|x86.Build.0 = Debug|Win32
		{82D8A7B7-2986-40A1-B556-47BE40111810}.Release|x64.ActiveCfg = Release|x64
		{82D8A7B7-2986-40A1-B556-47BE40111810}.Release|x64.Build.0 = Release|x64
		{82D8A7B7-2986-40A1-B556-47BE40111810}.Release|x86.ActiveCfg = Release|Win32
		{82D8A7B7-2986-40A1-B556-47BE40111810}.Release|x86.Build.0 = Release|Win32
		{91A39AA6-50AA-4814-948D-67578E670927}.Debug|x64.ActiveCfg = Debug|x64
		{91A39AA6-50AA-4814-948D-67578E670927}.Debug|x64.Build.0 = Debug|x64
		{91A39AA6-50AA-4814-948D-67578E670927}.Debug|x86.ActiveCfg = Debug|Win32
		{91A39AA6-50AA-4814-948D-67578E670927}.Debug|x86.Build.0 = Debug|Win32
		{91A39AA6-50AA-4814-948D-67578E670927}.Release|x64.ActiveCfg = Release|x64
		{91A39AA6-50AA-4814-948D-67578E670927}.Release|x64.Build.0 = Release|x64
		{91A39AA6-50AA-4814-948D-67578E670927}.Release|x86.ActiveCfg = Release|Win32
		{91A39AA6-50AA-4814-948D-67578E670927}.Release|x86.Build.0 = Release|Win32
		{DD749A43-46DA-4376-8A85-2EE4E25278DA}.Debug|x64.ActiveCfg = Debug|x64
		{DD749A43-46DA-4376-8A85-2EE4E25278DA}.Debug|x64.Build.0 = Debug|x64
		{DD749A43-46DA-4376-8A85-2EE4E25278DA}.Debug|x86.ActiveCfg = Debug|Win32
		{DD749A43-46DA-4376-8A85-2EE4E25278DA}.Debug|x86.Build.0 = Debug|Win32
		{DD749A43-46DA-4376-8A85-2EE4E25278DA}.Release|x64.ActiveCfg = Release|x64
		{DD749A43-46DA-4376-8A85-2EE4E25278DA}.Release|x64.Build.0 = Release|x64
		{DD749A43-46DA-4376-8A85-2EE4E25278DA}.Release|x86.ActiveCfg = Release|Win32
		{DD749A43-46DA-4376-8A85-2EE4E25278DA}.Release|x86.Build.0 = Release|Win32
		{E1626DA6-397D-4B20-932B-299EF3C98DFF}.Debug|x64.ActiveCfg = Debug|x64
		{E1626DA6-397D-4B20-932B-299EF3C98DFF}.Debug|x64.Build.0 = Debug|x64
		{E1626DA6-397D-4B20-932B-299EF3C98DFF}.Debug|x86.ActiveCfg = Debug|Win32
		{E1626DA6-397D-4B20-932B-299EF3C98DFF}.Debug|x86.Build.0 = Debug|Win32
		{E1626DA6-397D-4B20-932B-299EF3C98DFF}.Release|x64.ActiveCfg = Release|x64
		{E1626DA6-397D-4B20-932B-299EF3C98DFF}.Release|x64.Build.0 = Release|x64
		{E1626DA6-397D-4B20-932B-299EF3C98DFF}.Release|x86.ActiveCfg = Release|Win32
		{E1626DA6-397D-4B20-932B-299EF3C98DFF}.Release|x86.Build.0 = Release|Win32
		{D941333D-B21F-42F3-B710-7D56D8647880}.Debug|x64.ActiveCfg = Debug|x64
		{D941333D-B21F-42F3-B710-7D56D8647880}.Debug|x64.Build.0 = Debug|x64
		{D941333D-B21F-42F3-B710-7D56D8647880}.Debug|x86.ActiveCfg = Debug|Win32
		{D941333D-B21F-42F3-B710-7D56D8647880}.Debug|x86.Build.0 = Debug|Win32
		{D941333D-B21F-42F3-B710-7D56D8647880}.Release|x64.ActiveCfg = Release|x64
		{D941333D-B21F-42F3-B710-7D56D8647880}.Release|x64.Build.0 = Release|x64
		{D941333D-B21F-42F3-B710-7D56D8647880}.Release|x86.ActiveCfg = Release|Win32
		{D941333D-B21F-42F3-B710-7D56D8647880}.Release|x86.Build.0 = Release|Win32
		{FD76ED74-0F9B-4E3A-BFE1-A2A4239EB74F}.Debug|x64.ActiveCfg = Debug|x64
		{FD76ED74-0F9B-4E3A-BFE1-A2A4239EB74F}.Debug|x64.Build.0 = Debug|x64
		{FD76ED74-0F9B-4E3A-BFE1-A2A4239EB74F}.Debug|x86.ActiveCfg = Debug|Win32
		{FD76ED74-0F9B-4E3A-BFE1-A2A4239EB74F}.Debug|x86.Build.0 = Debug|Win32
		{FD76ED74-0F9B-4E3A-BFE1-A2A4239EB74F}.Release|x64.ActiveCfg = Release|x64
		{FD76ED74-0F9B-4E3A-BFE1-A2A4239EB74F}.Release|x64.Build.0 = Release|x64
		{FD76ED74-0F9B-4E3A-BFE1-A2A4239EB74F}.Release|x86.ActiveCfg = Release|Win32
		{FD76ED74-0F9B-4E3A-BFE1-A2A4239EB74F}.Release|x86.Build.0 = Release|Win32
		{327392B7-8CF3-4EC9-9697-9996BAFB7EA3}.Debug|x64.ActiveCfg = Debug|x64
		{327392B7-8CF3-4EC9-9697-9996BAFB7EA3}.Debug|x64.Build.0 = Debug|x64
		{327392B7-8CF3-4EC9-9697-9996BAFB7EA3}.Debug|x86.ActiveCfg = Debug|Win32
		{327392B7-8CF3-4EC9-9697-9996BAFB7EA3}.Debug|x86.Build.0 = Debug|Win32
		{327392B7-8CF3-4EC9-9697-9996BAFB7EA3}.Release|x64.ActiveCfg = Release|x64
		{327392B7-8CF3-4EC9-9697-9996BAFB7EA3}.Release|x64.Build.0 = Release|x64
		{327392B7-8CF3-4EC9-9697-9996BAFB7EA3}.Release|x86.ActiveCfg = Release|Win32
		{327392B7-8CF3-4EC9-9697-9996BAFB7EA3}.Release|x86.Build.0 = Release|Win32
		{5D63427E-D1CB-4E26-9D66-8153DE006AC1}.Debug|x64.ActiveCfg = Debug|x64
		{5D63427E-D1CB-4E26-9D66-8153DE006AC1}.Debug|x64.Build.0 = Debug|x64
		{5D63427E-D1CB-4E26-9D66-8153DE006AC1}.Debug|x86.ActiveCfg = Debug|Win32
		{5D63427E-D1CB-4E26-9D66-8153DE006AC1}.Debug|x86.Build.0 = Debug|Win32
		{5D63427E-D1CB-4E26-9D66-8153DE006AC1}.Release|x64.ActiveCfg = Release|x64
		{5D63427E-D1CB-4E26-9D66-8153DE006AC1}.Release|x64.Build.0 = Release|x64
		{5D63427E-D1CB-4E26-9D66-8153DE006AC1}.Release|x86.ActiveCfg = Release|Win32
		{5D63427E-D1CB-4E26-9D66-8153DE006AC1}.Release|x86.Build.0 = Release|Win32
		{6AF72AA2-B00A-40E4-9063-FDFAB3D99DB0}.Debug|x64.ActiveCfg = Debug|x64
		{6AF72AA2-B00A-40E4-9063-FDFAB3D99DB0}.Debug|x64.Build.0 = Debug|x64
		{6AF72AA2-B00A-40E4-9063-FDFAB3D99DB0}.Debug|x86.ActiveCfg = Debug|Win32
		{6AF72AA2-B00A-40E4-9063-FDFAB3D99DB0}.Debug|x86.Build.0 = Debug|Win32
		{6AF72AA2-B00A-40E4-9063-FDFAB3D99DB0}.Release|x64.ActiveCfg = Release|x64
		{6AF72AA2-B00A-40E4-9063-FDFAB3D99DB0}.Release|x64.Build.0 = Release|x64
		{6AF72AA2-B00A-40E4-9063-FDFAB3D99DB0}.Release|x86.ActiveCfg = Release|Win32
		{6AF72AA2-B00A-40E4-9063-FDFAB3D99DB0}.Release|x86.Build.0 = Release|Win32
		{92F46AA5-6DE9-43A7-B248-E88F0F84CEB6}.Debug|x64.ActiveCfg = Debug|x64
		{92F46AA5-6DE9-43A7-B248-E88F0F84CEB6}.Debug|x64.Build.0 = Debug|x64
		{92F46AA5-6DE9-43A7-B248-E88F0F84CEB6}.Debug|x86.ActiveCfg = Debug|Win32
		{92F46AA5-6DE9-43A7-B248-E88F0F84CEB6}.Debug|x86.Build.0 = Debug|Win32
		{92F46AA5-6DE9-43A7-B248-E88F0F84CEB6}.Release|x64.ActiveCfg = Release|x64
		{92F46AA5-6DE9-43A7-B248-E88F0F84CEB6}.Release|x64.Build.0 = Release|x64
		{92F46AA5-6DE9-43A7-B248-E88F0F84CEB6}.Release|x86.ActiveCfg = Release|Win32
		{92F46AA5-6DE9-43A7-B248-E88F0F84CEB6}.Release|x86.Build.0 = Release|Win32
		{D4043C1A-62C7-492A-9234-742B7DB5CD44}.Debug|x64.ActiveCfg = Debug|x64
		{D4043C1A-62C7-492A-9234-742B7DB5CD44}.Debug|x64.Build.0 = Debug|x64
		{D4043C1A-62C7-492A-9234-742B7DB5CD44}.Debug|x86.ActiveCfg = Debug|Win32
		{D4043C1A-62C7-492A-9234-742B7DB5CD44}.Debug|x86.Build.0 = Debug|Win32
		{D4043C1A-62C7-492A-9234-742B7DB5CD44}.Release|x64.ActiveCfg = Release|x64
		{D4043C1A-62C7-492A-9234-742B7DB5CD44}.Release|x64.Build.0 = Release|x64
		{D4043C1A-62C7-492A-9234-742B7DB5CD44}.Release|x86.ActiveCfg = Release|Win32
		{D4043C1A-62C7-492A-9234-742B7DB5CD44}.Release|x86.Build.0 = Release|Win32
		{4F983BD8-0125-479F-8351-931BB3B5B9DC}.Debug|x64.ActiveCfg = Debug|x64
		{4F983BD8-0125-479F-8351-931BB3B5B9DC}.Debug|x64.Build.0 = Debug|x64
		{4F983BD8-0125-479F-8351-931BB3B5B9DC}.Debug|x86.ActiveCfg = Debug|Win32
		{4F983BD8-0125-479F-8351-931BB3B5B9DC}.Debug|x86.Build.0 = Debug|Win32
		{4F983BD8-0125-479F-8351-931BB3B5B9DC}.Release|x64.ActiveCfg = Release|x64
		{4F983BD8-0125-479F-8351-931BB3B5B9DC}.Release|x64.Build.0 = Release|x64
		{4F983BD8-0125-479F-8351-931BB3B5B9DC}.Release|x86.ActiveCfg = Release|Win32
		{4F983BD8-0125-479F-8351-931BB3B5B9DC}.Release|x86.Build.0 = Release|Win32
		{B534626C-8A55-49DC-8B87-0D303B1C6E9B}.Debug|x64.ActiveCfg = Debug|x64
		{B534626C-8A55-49DC-8B87-0D303B1C6E9B}.Debug|x64.Build.0 = Debug|x64
		{B534626C-8A55-49DC-8B87-0D303B1C6E9B}.Debug|x86.ActiveCfg = Debug|Win32
		{B534626C-8A55-49DC-8B87-0D303B1C6E9B}.Debug|x86.Build.0 = Debug|Win32
		{B534626C-8A55-49DC-8B87-0D303B1C6E9B}.Release|x64.ActiveCfg = Release|x64
		{B534626C-8A55-49DC-8B87-0D303B1C6E9B}.Release|x64.Build.0 = Release|x64
		{B534626C-8A55-49DC-8B87-0D303B1C6E9B}.Release|x86.ActiveCfg = Release|Win32
		{B534626C-8A55-49DC-8B87-0D303B1C6E9B}.Release|x86.Build.0 = Release|Win32
		{A83741F1-6DB1-4DD3-B298-D630274F7D97}.Debug|x64.ActiveCfg = Debug|x64
		{A83741F1-6DB1-4DD3-B298-D630274F7D97}.Debug|x64.Build.0 = Debug|x64
		{A83741F1-6DB1-4DD3-B298-D630274F7D97}.Debug|x86.ActiveCfg = Debug|Win32
		{A83741F1-6DB1-4DD3-B298-D630274F7D97}.Debug|x86.Build.0 = Debug|Win32
		{A83741F1-6DB1-4DD3-B298-D630274F7D97}.Release|x64.ActiveCfg = Release|x64
		{A83741F1-6DB1-4DD3-B298-D630274F7D97}.Release|x64.Build.0 = Release|x64
		{A83741F1-6DB1-4DD3-B298-D630274F7D97}.Release|x86.ActiveCfg = Release|Win32
		{A83741F1-6DB1-4DD3-B298-D630274F7D97}.Release|x86.Build.0 = Release|Win32
		{B9479776-1ABD-41A1-9638-EFC52F5444D9}.Debug|x64.ActiveCfg = Debug|x64
		{B9479776-1ABD-41A1-9638-EFC52F5444D9}.Debug|x64.Build.0 = Debug|x64
		{B9479776-1ABD-41A1-9638-EFC52F5444D9}.Debug|x86.ActiveCfg = Debug|Win32
		{B9479776-1ABD-41A1-9638-EFC52F5444D9}.Debug|x86.Build.0 = Debug|Win32
		{B9479776-1ABD-41A1-9638-EFC52F5444D9}.Release|x64.ActiveCfg = Release|x64
		{B9479776-1ABD-41A1-9638-EFC52F5444D9}.Release|x64.Build.0 = Release|x64
		{B9479776-1ABD-41A1-9638-EFC52F5444D9}.Release|x86.ActiveCfg = Release|Win32
		{B9479776-1ABD-41A1-9638-EFC52F5444D9}.Release|x86.Build.0 = Release|Win32
		{0FBC5553-C516-4D2E-8BC5-493209F8DC81}.Debug|x64.ActiveCfg = Debug|x64
		{0FBC5553-C516-4D2E-8BC5-493209F8DC81}.Debug|x64.Build.0 = Debug|x64
		{0FBC5553-C516-4D2E-8BC5-493209F8DC81}.Debug|x86.ActiveCfg = Debug|Win32
		{0FBC5553-C516-4D2E-8BC5-493209F8DC81}.Debug|x86.Build.0 = Debug|Win32
		{0FBC5553-C516-4D2E-8BC5-493209F8DC81}.Release|x64.ActiveCfg = Release|x64
		{0FBC5553-C516-4D2E-8BC5-493209F8DC81}.Release|x64.Build.0 = Release|x64
		{0FBC5553-C516-4D2E-8BC5-493209F8DC81}.Release|x86.ActiveCfg = Release|Win32
		{0FBC5553-C516-4D2E-8BC5-493209F8DC81}.Release|x86.Build.0 = Release|Win32
		{5306C749-FC80-4605-A2C7-5E09B43A5CFD}.Debug|x64.ActiveCfg = Debug|x64
		{5306C749-FC80-4605-A2C7-5E09B43A5CFD}.Debug|x64.Build.0 = Debug|x64
		{5306C749-FC80-4605-A2C7-5E09B43A5CFD}.Debug|x86.ActiveCfg = Debug|Win32
		{5306C749-FC80-4605-A2C7-5E09B43A5CFD}.Debug|x86.Build.0 = Debug|Win32
		{5306C749-FC80-4605-A2C7-5E09B43A5CFD}.Release|x64.ActiveCfg = Release|x64
		{5306C749-FC80-4605-A2C7-5E09B43A5CFD}.Release|x64.Build.0 = Release|x64
		{5306C749-FC80-4605-A2C7-5E09B43A5CFD}.Release|x86.ActiveCfg = Release|Win32
		{5306C749-FC80-4605-A2C7-5E09B43A5CFD}.Release|x86.Build.0 = Release|Win32
		{0C75A9D6-7BCD-494F-88B1-DB0C426363A7}.Debug|x64.ActiveCfg = Debug|x64
		{0C75A9D6-7BCD-494F-88B1-DB0C426363A7}.Debug|x64.Build.0 = Debug|x64
		{0C75A9D6-7BCD-494F-88B1-DB0C426363A7}.Debug|x86.ActiveCfg = Debug|Win32
		{0C75A9D6-7BCD-494F-88B1-DB0C426363A7}.Debug|x86.Build.0 = Debug|Win32
		{0C75A9D6-7BCD-494F-88B1-DB0C426363A7}.Release|x64.ActiveCfg = Release|x64
		{0C75A9D6-7BCD-494F-88B1-DB0C426363A7}.Release|x64.Build.0 = Release|x64
		{0C75A9D6-7BCD-494F-88B1-DB0C426363A7}.Release|x86.ActiveCfg = Release|Win32
		{0C75A9D6-7BCD-494F-88B1-DB0C426363A7}.Release|x86.Build.0 = Release|Win32
		{0007A451-3CDA-4E23-8536-F33D8B4EF5DF}.Debug|x64.ActiveCfg = Debug|x64
		{0007A451-3CDA-4E23-8536-F33D8B4EF5DF}.Debug|x64.Build.0 = Debug|x64
		{0007A451-3CDA-4E23-8536-F33D8B4EF5DF}.Debug|x86.ActiveCfg = Debug|Win32
		{0007A451-3CDA-4E23-8536-F33D8B4EF5DF}.Debug|x86.Build.0 = Debug|Win32
		{0007A451-3CDA-4E23-8536-F33D8B4EF5DF}.Release|x64.ActiveCfg = Release|x64
		{0007A451-3CDA-4E23-8536-F33D8B4EF5DF}.Release|x64.Build.0 = Release|x64
		{0007A451-3CDA-4E23-8536-F33D8B4EF5DF}.Release|x86.ActiveCfg = Release|Win32
		{0007A451-3CDA-4E23-8536-F33D8B4EF5DF}.Release|x86.Build.0 = Release|Win32
		{E8FD2AF1-8579-40BF-932F-3DC71AA3B597}.Debug|x64.ActiveCfg = Debug|x64
		{E8FD2AF1-8579-40BF-932F-3DC71AA3B597}.Debug|x64.Build.0 = Debug|x64
		{E8FD2AF1-8579-40BF-932F-3DC71AA3B597}.Debug|x86.ActiveCfg = Debug|Win32
		{E8FD2AF1-8579-40BF-932F-3DC71AA3B597}.Debug|x86.Build.0 = Debug|Win32
		{E8FD2AF1-8579-40BF-932F-3DC71AA3B597}.Release|x64.ActiveCfg = Release|x64
		{E8FD2AF1-8579-40BF-932F-3DC71AA3B597}.Release|x64.Build.0 = Release|x64
		{E8FD2AF1-8579-40BF-932F-3DC71AA3B597}.Release|x86.ActiveCfg = Release|Win32
		{E8FD2AF1-8579-40BF-932F-3DC71AA3B597}.Release|x86.Build.0 = Release|Win32
		{79882312-2FE2-4C50-AEB7-F050A6C4D918}.Debug|x64.ActiveCfg = Debug|x64
		{79882312-2FE2-4C50-AEB7-F050A6C4D918}.Debug|x64.Build.0 = Debug|x64
		{79882312-2FE2-4C50-AEB7-F050A6C4D918}.Debug|x86.ActiveCfg = Debug|Win32
		{79882312-2FE2-4C50-AEB7-F050A6C4D918}.Debug|x86.Build.0 = Debug|Win32
		{79882312-2FE2-4C50-AEB7-F050A6C4D918}.Release|x64.ActiveCfg = Release|x64
		{79882312-2FE2-4C50-AEB7-F050A6C4D918}.Release|x64.Build.0 = Release|x64
		{79882312-2FE2-4C50-AEB7-F050A6C4D918}.Release|x86.ActiveCfg = Release|Win32
		{79882312-2FE2-4C50-AEB7-F050A6C4D918}.Release|x86.Build.0 = Release|Win32
		{D243116D-4F81-44BA-AF1F-A325F09F0EFE}.Debug|x64.ActiveCfg = Debug|x64
		{D243116D-4F81-44BA-AF1F-A325F09F0EFE}.Debug|x64.Build.0 = Debug|x64
		{D243116D-4F81-44BA-AF1F-A325F09F0EFE}.Debug|x86.ActiveCfg = Debug|Win32
		{D243116D-4F81-44BA-AF1F-A325F09F0EFE}.Debug|x86.Build.0 = Debug|Win32
		{D243116D-4F81-44BA-AF1F-A325F09F0EFE}.Release|x64.ActiveCfg = Release|x64
		{D243116D-4F81-44BA-AF1F-A325F09F0EFE}.Release|x64.Build.0 = Release|x64
		{D243116D-4F81-44BA-AF1F-A325F09F0EFE}.Release|x86.ActiveCfg = Release|Win32
		{D243116D-4F81-44BA-AF1F-A325F09F0EFE}.Release|x86.Build.0 = Release|Win32
		{DF010524-9812-4599-82A4-36AD16C27A29}.Debug|x64.ActiveCfg = Debug|x64
		{DF010524-9812-4599-82A4-36AD16C27A29}.Debug|x64.Build.0 = Debug|x64
		{DF010524-9812-4599-82A4-36AD16C27A29}.Debug|x86.ActiveCfg = Debug|Win32
		{DF010524-9812-4599-82A4-36AD16C27A29}.Debug|x86.Build.0 = Debug|Win32
		{DF010524-9812-4599-82A4-36AD16C27A29}.Release|x64.ActiveCfg = Release|x64
		{DF010524-9812-4599-82A4-36AD16C27A29}.Release|x64.Build.0 = Release|x64
		{DF010524-9812-4599-82A4-36AD16C27A29}.Release|x86.ActiveCfg = Release|Win32
		{DF010524-9812-4599-82A4-36AD16C27A29}.Release|x86.Build.0 = Release|Win32
		{DB0E8E77-2D55-489C-8DFE-24E2315F8133}.Debug|x64.ActiveCfg = Debug|x64
		{DB0E8E77-2D55-489C-8DFE-24E2315F8133}.Debug|x64.Build.0 = Debug|x64
		{DB0E8E77-2D55-489C-8DFE-24E2315F8133}.Debug|x86.ActiveCfg = Debug|Win32
		{DB0E8E77-2D55-489C-8DFE-24E2315F8133}.Debug|x86.Build.0 = Debug|Win32
		{DB0E8E77-2D55-489C-8DFE-24E2315F8133}.Release|x64.ActiveCfg = Release|x64
		{DB0E8E77-2D55-489C-8DFE-24E2315F8133}.Release|x64.Build.0 = Release|x64
		{DB0E8E77-2D55-489C-8DFE-24E2315F8133}.Release|x86.ActiveCfg = Release|Win32
		{DB0E8E77-2D55-489C-8DFE-24E2315F8133}.Release|x86.Build.0 = Release|Win32
		{8DD1D11B-20EF-42F7-9187-F71AE78190CE}.Debug|x64.ActiveCfg = Debug|x64
		{8DD1D11B-20EF-42F7-9187-F71AE78190CE}.Debug|x64.Build.0 = Debug|x64
		{8DD1D11B-20EF-42F7-9187-F71AE78190CE}.Debug|x86.ActiveCfg = Debug|Win32
		{8DD1D11B-20EF-42F7-9187-F71AE78190CE}.Debug|x86.Build.0 = Debug|Win32
		{8DD1D11B-20EF-42F7-9187-F71AE78190CE}.Release|x64.ActiveCfg = Release|x64
		{8DD1D11B-20EF-42F7-9187-F71AE78190CE}.Release|x64.Build.0 = Release|x64
		{8DD1D11B-20EF-42F7-9187-F71AE78190CE}.Release|x86.ActiveCfg = Release|Win32
		{8DD1D11B-20EF-42F7-9187-F71AE78190CE}.Release|x86.Build.0 = Release|Win32
		{7D50E274-4ADA-4461-8E02-B467FF2C32C1}.Debug|x64.ActiveCfg = Debug|x64
		{7D50E274-4ADA-4461-8E02-B467FF2C32C1}.Debug|x64.Build.0 = Debug|x64
		{7D50E274-4ADA-4461-8E02-B467FF2C32C1}.Debug|x86.ActiveCfg = Debug|Win32
		{7D50E274-4ADA-4461-8E02-B467FF2C32C1}.Debug|x86.Build.0 = Debug|Win32
		{7D50E274-4ADA-4461-8E02-B467FF2C32C1}.Release|x64.ActiveCfg = Release|x64
		{7D50E274-4ADA-4461-8E02-B467FF2C32C1}.Release|x64.Build.0 = Release|x64
		{7D50E274-4ADA-4461-8E02-B467FF2C32C1}.Release|x86.ActiveCfg = Release|Win32
		{7D50E274-4ADA-4461-8E02-B467FF2C32C1}.Release|x86.Build.0 = Release|Win32
		{FE99CD73-E5AF-4861-A0F5-400A71761475}.Debug|x64.ActiveCfg = Debug|x64
		{FE99CD73-E5AF-4861-A0F5-400A71761475}.Debug|x64.Build.0 = Debug|x64
		{FE99CD73-E5AF-4861-A0F5-400A71761475}.Debug|x86.ActiveCfg = Debug|Win32
		{FE99CD73-E5AF-4861-A0F5-400A71761475}.Debug|x86.Build.0 = Debug|Win32
		{FE99CD73-E5AF-4861-A0F5-400A71761475}.Release|x64.ActiveCfg = Release|x64
		{FE99CD73-E5AF-4861-A0F5-400A71761475}.Release|x64.Build.0 = Release|x64
		{FE99CD73-E5AF-4861-A0F5-400A71761475}.Release|x86.ActiveCfg = Release|Win32
		{FE99CD73-E5AF-4861-A0F5-400A71761475}.Release|x86.Build.0 = Release|Win32
		{327883A2-6969-453A-BA9E-7D7228984185}.Debug|x64.ActiveCfg = Debug|x64
		{327883A2-6969-453A-BA9E-7D7228984185}.Debug|x64.Build.0 = Debug|x64
		{327883A2-6969-453A-BA9E-7D7228984185}.Debug|x86.ActiveCfg = Debug|Win32
		{327883A2-6969-453A-BA9E-7D7228984185}.Debug|x86.Build.0 = Debug|Win32
		{327883A2-6969-453A-BA9E-7D7228984185}.Release|x64.ActiveCfg = Release|x64
		{327883A2-6969-453A-BA9E-7D7228984185}.Release|x64.Build.0 = Release|x64
		{327883A2-6969-453A-BA9E-7D7228984185}.Release|x86.ActiveCfg = Release|Win32
		{327883A2-6969-453A-BA9E-7D7228984185}.Release|x86.Build.0 = Release|Win32
		{A58BB3D5-20C8-4C2A-BA6C-927C7E02968B}.Debug|x64.ActiveCfg = Debug|x64
		{A58BB3D5-20C8-4C2A-BA6C-927C7E02968B}.Debug|x64.Build.0 = Debug|x64
		{A58BB3D5-20C8-4C2A-BA6C-927C7E02968B}.Debug|x86.ActiveCfg = Debug|Win32
		{A58BB3D5-20C8-4C2A-BA6C-927C7E02968B}.Debug|x86.Build.0 = Debug|Win32
		{A58BB3D5-20C8-4C2A-BA6C-927C7E02968B}.Release|x64.ActiveCfg = Release|x64
		{A58BB3D5-20C8-4C2A-BA6C-927C7E02968B}.Release|x64.Build.0 = Release|x64
		{A58BB3D5-20C8-4C2A-BA6C-927C7E02968B}.Release|x86.ActiveCfg = Release|Win32
		{A58BB3D5-20C8-4C2A-BA6C-927C7E02968B}.Release|x86.Build.0 = Release|Win32
		{3DF2F51B-EFF1-47F5-B848-36C4BE6927CB}.Debug|x64.ActiveCfg = Debug|x64
		{3DF2F51B-EFF1-47F5-B848-36C4BE6927CB}.Debug|x64.Build.0 = Debug|x64
		{3DF2F51B-EFF1-47F5-B848-36C4BE6927CB}.Debug|x86.ActiveCfg = Debug|Win32
		{3DF2F51B-EFF1-47F5-B848-36C4BE6927CB}.Debug|x86.Build.0 = Debug|Win32
		{3DF2F51B-EFF1-47F5-B848-36C4BE6927CB}.Release|x64.ActiveCfg = Release|x64
		{3DF2F51B-EFF1-47F5-B848-36C4BE6927CB}.Release|x64.Build.0 = Release|x64
		{3DF2F51B-EFF1-47F5-B848-36C4BE6927CB}.Release|x86.ActiveCfg = Release|Win32
		{3DF2F51B-EFF1-47F5-B848-36C4BE6927CB}.Release|x86.Build.0 = Release|Win32
		{F4C11B26-01B5-4DBC-BDEE-BBF9E71A0082}.Debug|x64.ActiveCfg = Debug|x64
		{F4C11B26-01B5-4DBC-BDEE-BBF9E71A0082}.Debug|x64.Build.0 = Debug|x64
		{F4C11B26-01B5-4DBC-BDEE-BBF9E71A0082}.Debug|x86.ActiveCfg = Debug|Win32
		{F4C11B26-01B5-4DBC-BDEE-BBF9E71A0082}.Debug|x86.Build.0 = Debug|Win32
		{F4C11B26-01B5-4DBC-BDEE-BBF9E71A0082}.Release|x64.ActiveCfg = Release|x64
		{F4C11B26-01B5-4DBC-BDEE-BBF9E71A0082}.Release|x64.Build.0 = Release|x64
		{F4C11B26-01B5-4DBC-BDEE-BBF9E71A0082}.Release|x86.ActiveCfg = Release|Win32
		{F4C11B26-01B5-4DBC-BDEE-BBF9E71A0082}.Release|x86.Build.0 = Release|Win32
		{26EF4432-D6F1-46EC-864B-9EDD36FA482E}.Debug|x64.ActiveCfg = Debug|x64
		{26EF4432-D6F1-46EC-864B-9EDD36FA482E}.Debug|x64.Build.0 = Debug|x64
		{26EF4432-D6F1-46EC-864B-9EDD36FA482E}.Debug|x86.ActiveCfg = Debug|Win32
		{26EF4432-D6F1-46EC-864B-9EDD36FA482E}.Debug|x86.Build.0 = Debug|Win32
		{26EF4432-D6F1-46EC-864B-9EDD36FA482E}.Release|x64.ActiveCfg = Release|x64
		{26EF4432-D6F1-46EC-864B-9EDD36FA482E}.Release|x64.Build.0 = Release|x64
		{26EF4432-D6F1-46EC-864B-9EDD36FA482E}.Release|x86.ActiveCfg = Release|Win32
		{26EF4432-D6F1-46EC-864B-9EDD36FA482E}.Release|x86.Build.0 = Release|Win32
		{8476AA6B-B721-479F-BB01-4C95554DE13C}.Debug|x64.ActiveCfg = Debug|x64
		{8476AA6B-B721-479F-BB01-4C95554DE13C}.Debug|x64.Build.0 = Debug|x64
		{8476AA6B-B721-479F-BB01-4C95554DE13C}.Debug|x86.ActiveCfg = Debug|Win32
		{8476AA6B-B721-479F-BB01-4C95554DE13C}.Debug|x86.Build.0 = Debug|Win32
		{8476AA6B-B721-479F-BB01-4C95554DE13C}.Release|x64.ActiveCfg = Release|x64
		{8476AA6B-B721-479F-BB01-4C95554DE13C}.Release|x64.Build.0 = Release|x64
		{8476AA6B-B721-479F-BB01-4C95554DE13C}.Release|x86.ActiveCfg = Release|Win32
		{8476AA6B-B721-479F-BB01-4C95554DE13C}.Release|x86.Build.0 = Release|Win32
		{1AEDC342-71AA-4763-9FEA-93E75969D1B6}.Debug|x64.ActiveCfg = Debug|x64
		{1AEDC342-71AA-4763-9FEA-93E75969D1B6}.Debug|x64.Build.0 = Debug|x64
		{1AEDC342-71AA-4763-9FEA-93E75969D1B6}.Debug|x86.ActiveCfg = Debug|Win32
		{1AEDC342-71AA-4763-9FEA-93E75969D1B6}.Debug|x86.Build.0 = Debug|Win32
		{1AEDC342-71AA-4763-9FEA-93E75969D1B6}.Release|x64.ActiveCfg = Release|x64
		{1AEDC342-71AA-4763-9FEA-93E75969D1B6}.Release|x64.Build.0 = Release|x64
		{1AEDC342-71AA-4763-9FEA-93E75969D1B6}.Release|x86.ActiveCfg = Release|Win32
		{1AEDC342-71AA-4763-9FEA-93E75969D1B6}.Release|x86.Build.0 = Release|Win32
		{64CB0938-5592-4F83-BB09-3CC357A78A4D}.Debug|x64.ActiveCfg = Debug|x64
		{64CB0938-5592-4F83-BB09-3CC357A78A4D}.Debug|x64.Build.0 = Debug|x64
		{64CB0938-5592-4F83-BB09-3CC357A78A4D}.Debug|x86.ActiveCfg = Debug|Win32
		{64CB0938-5592-4F83-BB09-3CC357A78A4D}.Debug|x86.Build.0 = Debug|Win32
		{64CB0938-5592-4F83-BB09-3CC357A78A4D}.Release|x64.ActiveCfg = Release|x64
		{64CB0938-5592-4F83-BB09-3CC357A78A4D}.Release|x64.Build.0 = Release|x64
		{64CB0938-5592-4F83-BB09-3CC357A78A4D}.Release|x86.ActiveCfg = Release|Win32
		{64CB0938-5592-4F83-BB09-3CC357A78A4D}.Release|x86.Build.0 = Release|Win32
		{43D18A69-E85A-4EEE-8B3E-760875D19640}.Debug|x64.ActiveCfg = Debug|x64
		{43D18A69-E85A-4EEE-8B3E-760875D19640}.Debug|x64.Build.0 = Debug|x64
		{43D18A69-E85A-4EEE-8B3E-760875D19640}.Debug|x86.ActiveCfg = Debug|Win32
		{43D18A69-E85A-4EEE-8B3E-760875D19640}.Debug|x86.Build.0 = Debug|Win32
		{43D18A69-E85A-4EEE-8B3E-760875D19640}.Release|x64.ActiveCfg = Release|x64
		{43D18A69-E85A-4EEE-8B3E-760875D19640}.Release|x64.Build.0 = Release|x64
		{43D18A69-E85A-4EEE-8B3E-760875D19640}.Release|x86.ActiveCfg = Release|Win32
		{43D18A69-E85A-4EEE-8B3E-760875D19640}.Release|x86.Build.0 = Release|Win32
		{FC28E125-9991-4C2F-BEAD-FCBA67C7209B}.Debug|x64.ActiveCfg = Debug|x64
		{FC28E125-9991-4C2F-BEAD-FCBA67C7209B}.Debug|x64.Build.0 = Debug|x64
		{FC28E125-9991-4C2F-BEAD-FCBA67C7209B}.Debug|x86.ActiveCfg = Debug|Win32
		{FC28E125-9991-4C2F-BEAD-FCBA67C7209B}.Debug|x86.Build.0 = Debug|Win32
		{FC28E125-9991-4C2F-BEAD-FCBA67C7209B}.Release|x64.ActiveCfg = Release|x64
		{FC28E125-9991-4C2F-BEAD-FCBA67C7209B}.Release|x64.Build.0 = Release|x64
		{FC28E125-9991-4C2F-BEAD-FCBA67C7209B}.Release|x86.ActiveCfg = Release|Win32
		{FC28E125-9991-4C2F-BEAD-FCBA67C7209B}.Release|x86.Build.0 = Release|Win32
		{E2B4FD28-9C32-429D-898E-22E966443C72}.Debug|x64.ActiveCfg = Debug|x64
		{E2B4FD28-9C32-429D-898E-22E966443C72}.Debug|x64.Build.0 = Debug|x64
		{E2B4FD28-9C32-429D-898E-22E966443C72}.Debug|x86.ActiveCfg = Debug|Win32
		{E2B4FD28-9C32-429D-898E-22E966443C72}.Debug|x86.Build.0 = Debug|Win32
		{E2B4FD28-9C32-429D-898E-22E966443C72}.Release|x64.ActiveCfg = Release|x64
		{E2B4FD28-9C32-429D-898E-22E966443C72}.Release|x64.Build.0 = Release|x64
		{E2B4FD28-9C32-429D-898E-22E966443C72}.Release|x86.ActiveCfg = Release|Win32
		{E2B4FD28-9C32-429D-898E-22E966443C72}.Release|x86.Build.0 = Release|Win32
		{AE20DCEB-874F-4202-8FFF-65C8635300B1}.Debug|x64.ActiveCfg = Debug|x64
		{AE20DCEB-874F-4202-8FFF-65C8635300B1}.Debug|x64.Build.0 = Debug|x64
		{AE20DCEB-874F-4202-8FFF-65C8635300B1}.Debug|x86.ActiveCfg = Debug|Win32
		{AE20DCEB-874F-4202-8FFF-65C8635300B1}.Debug|x86.Build.0 = Debug|Win32
		{AE20DCEB-874F-4202-8FFF-65C8635300B1}.Release|x64.ActiveCfg = Release|x64
		{AE20DCEB-874F-4202-8FFF-65C8635300B1}.Release|x64.Build.0 = Release|x64
		{AE20DCEB-874F-4202-8FFF-65C8635300B1}.Release|x86.ActiveCfg = Release|Win32
		{AE20DCEB-874F-4202-8FFF-65C8635300B1}.Release|x86.Build.0 = Release|Win32
	EndGlobalSection
	GlobalSection(SolutionProperties) = preSolution
		HideSolutionNode = FALSE
	EndGlobalSection
	GlobalSection(ExtensibilityGlobals) = postSolution
		SolutionGuid = {A6A9127C-6468-4CEA-A187-867D2D77431E}
	EndGlobalSection
EndGlobal
