
Microsoft Visual Studio Solution File, Format Version 12.00
# Visual Studio Version 17
VisualStudioVersion = 17.7.34221.43
MinimumVisualStudioVersion = 10.0.40219.1
Project("{8BC9CEB8-8B4A-11D0-8D11-00A0C91BC942}") = "example-1", "example-1\example-1.vcxproj", "{F3874E45-27D6-4D85-8985-ABA492001099}"
EndProject
Project("{8BC9CEB8-8B4A-11D0-8D11-00A0C91BC942}") = "example-2", "example-2\example-2.vcxproj", "{D00CE7A0-1EF1-49C5-BE83-E6D130A88358}"
EndProject
Project("{8BC9CEB8-8B4A-11D0-8D11-00A0C91BC942}") = "example-3", "example-3\example-3.vcxproj", "{868F931C-3D1A-435B-B536-26E5F5CEF586}"
EndProject
Project("{8BC9CEB8-8B4A-11D0-8D11-00A0C91BC942}") = "example-4-1", "example-4\example-4.vcxproj", "{30DF48C6-CB39-4FA5-AFD3-069D4464BFDF}"
EndProject
Project("{8BC9CEB8-8B4A-11D0-8D11-00A0C91BC942}") = "example-4-2", "example-4-2\example-4-2.vcxproj", "{D94CB930-0BF8-4E0B-9385-42D4F4E02C73}"
EndProject
Project("{8BC9CEB8-8B4A-11D0-8D11-00A0C91BC942}") = "example-4-3", "example-4-3\example-4-3.vcxproj", "{996A1E9D-D279-4827-9D92-15BD02F4A298}"
EndProject
Project("{8BC9CEB8-8B4A-11D0-8D11-00A0C91BC942}") = "example-4-4", "example-4-4\example-4-4.vcxproj", "{4A5C57A8-8C37-474C-8712-046BEFBD1BAE}"
EndProject
Project("{8BC9CEB8-8B4A-11D0-8D11-00A0C91BC942}") = "example-4-6", "example-4-6\example-4-6.vcxproj", "{82D8A7B7-2986-40A1-B556-47BE40111810}"
EndProject
Project("{8BC9CEB8-8B4A-11D0-8D11-00A0C91BC942}") = "example-4-7", "example-4-7\example-4-7.vcxproj", "{91A39AA6-50AA-4814-948D-67578E670927}"
EndProject
Project("{8BC9CEB8-8B4A-11D0-8D11-00A0C91BC942}") = "example-4-8", "example-4-8\example-4-8.vcxproj", "{DD749A43-46DA-4376-8A85-2EE4E25278DA}"
EndProject
Project("{8BC9CEB8-8B4A-11D0-8D11-00A0C91BC942}") = "example-4-9", "example-4-9\example-4-9.vcxproj", "{E1626DA6-397D-4B20-932B-299EF3C98DFF}"
EndProject
Project("{8BC9CEB8-8B4A-11D0-8D11-00A0C91BC942}") = "example-4-10", "example-4-10\example-4-10.vcxproj", "{D941333D-B21F-42F3-B710-7D56D8647880}"
EndProject
Project("{8BC9CEB8-8B4A-11D0-8D11-00A0C91BC942}") = "example-4-11", "example-4-11\example-4-11.vcxproj", "{FD76ED74-0F9B-4E3A-BFE1-A2A4239EB74F}"
EndProject
Project("{8BC9CEB8-8B4A-11D0-8D11-00A0C91BC942}") = "example-4-12", "example-4-12\example-4-12.vcxproj", "{327392B7-8CF3-4EC9-9697-9996BAFB7EA3}"
EndProject
Project("{8BC9CEB8-8B4A-11D0-8D11-00A0C91BC942}") = "example-4-13", "example-4-13\example-4-13.vcxproj", "{5D63427E-D1CB-4E26-9D66-8153DE006AC1}"
EndProject
Project("{8BC9CEB8-8B4A-11D0-8D11-00A0C91BC942}") = "example-4-14", "example-4-14\example-4-14.vcxproj", "{6AF72AA2-B00A-40E4-9063-FDFAB3D99DB0}"
EndProject
Project("{8BC9CEB8-8B4A-11D0-8D11-00A0C91BC942}") = "example-4-15", "example-4-15\example-4-15.vcxproj", "{92F46AA5-6DE9-43A7-B248-E88F0F84CEB6}"
EndProject
Project("{8BC9CEB8-8B4A-11D0-8D11-00A0C91BC942}") = "example-4-16", "example-4-16\example-4-16.vcxproj", "{D4043C1A-62C7-492A-9234-742B7DB5CD44}"
EndProject
Project("{8BC9CEB8-8B4A-11D0-8D11-00A0C91BC942}") = "example-5-1", "example-5-1\example-5-1.vcxproj", "{4F983BD8-0125-479F-8351-931BB3B5B9DC}"
EndProject
Project("{8BC9CEB8-8B4A-11D0-8D11-00A0C91BC942}") = "example-5-2", "example-5-2\example-5-2.vcxproj", "{B534626C-8A55-49DC-8B87-0D303B1C6E9B}"
EndProject
Project("{8BC9CEB8-8B4A-11D0-8D11-00A0C91BC942}") = "example5-3", "example5-3\example5-3.vcxproj", "{A83741F1-6DB1-4DD3-B298-D630274F7D97}"
EndProject
Project("{8BC9CEB8-8B4A-11D0-8D11-00A0C91BC942}") = "example-5-4", "example-5-4\example-5-4.vcxproj", "{B9479776-1ABD-41A1-9638-EFC52F5444D9}"
EndProject
Project("{8BC9CEB8-8B4A-11D0-8D11-00A0C91BC942}") = "example-5-5", "example-5-5\example-5-5.vcxproj", "{0FBC5553-C516-4D2E-8BC5-493209F8DC81}"
EndProject
Project("{8BC9CEB8-8B4A-11D0-8D11-00A0C91BC942}") = "example-5-6", "example-5-6\example-5-6.vcxproj", "{5306C749-FC80-4605-A2C7-5E09B43A5CFD}"
EndProject
Project("{8BC9CEB8-8B4A-11D0-8D11-00A0C91BC942}") = "example-5-7", "example-5-7\example-5-7.vcxproj", "{0C75A9D6-7BCD-494F-88B1-DB0C426363A7}"
EndProject
Project("{8BC9CEB8-8B4A-11D0-8D11-00A0C91BC942}") = "example-5-8", "example-5-8\example-5-8.vcxproj", "{0007A451-3CDA-4E23-8536-F33D8B4EF5DF}"
EndProject
Project("{8BC9CEB8-8B4A-11D0-8D11-00A0C91BC942}") = "example-5-9", "example-5-9\example-5-9.vcxproj", "{E8FD2AF1-8579-40BF-932F-3DC71AA3B597}"
EndProject
Project("{8BC9CEB8-8B4A-11D0-8D11-00A0C91BC942}") = "example-5-10", "example-5-10\example-5-10.vcxproj", "{79882312-2FE2-4C50-AEB7-F050A6C4D918}"
EndProject
Project("{8BC9CEB8-8B4A-11D0-8D11-00A0C91BC942}") = "example-5-11", "example-5-11\example-5-11.vcxproj", "{D243116D-4F81-44BA-AF1F-A325F09F0EFE}"
EndProject
Project("{8BC9CEB8-8B4A-11D0-8D11-00A0C91BC942}") = "example-5-12", "example-5-12\example-5-12.vcxproj", "{DF010524-9812-4599-82A4-36AD16C27A29}"
EndProject
Project("{8BC9CEB8-8B4A-11D0-8D11-00A0C91BC942}") = "example-5-13", "example-5-13\example-5-13.vcxproj", "{DB0E8E77-2D55-489C-8DFE-24E2315F8133}"
EndProject
Project("{8BC9CEB8-8B4A-11D0-8D11-00A0C91BC942}") = "example-6-1", "example-6-1\example-6-1.vcxproj", "{8DD1D11B-20EF-42F7-9187-F71AE78190CE}"
EndProject
Project("{8BC9CEB8-8B4A-11D0-8D11-00A0C91BC942}") = "example-6-2", "example-6-2\example-6-2.vcxproj", "{7D50E274-4ADA-4461-8E02-B467FF2C32C1}"
EndProject
Project("{8BC9CEB8-8B4A-11D0-8D11-00A0C91BC942}") = "example-6-3", "example-6-3\example-6-3.vcxproj", "{FE99CD73-E5AF-4861-A0F5-400A71761475}"
EndProject
Project("{8BC9CEB8-8B4A-11D0-8D11-00A0C91BC942}") = "example-6-4", "example-6-4\example-6-4.vcxproj", "{327883A2-6969-453A-BA9E-7D7228984185}"
EndProject
Project("{8BC9CEB8-8B4A-11D0-8D11-00A0C91BC942}") = "example-6-5", "example-6-5\example-6-5.vcxproj", "{A58BB3D5-20C8-4C2A-BA6C-927C7E02968B}"
EndProject
Project("{8BC9CEB8-8B4A-11D0-8D11-00A0C91BC942}") = "example-6-6", "example-6-6\example-6-6.vcxproj", "{3DF2F51B-EFF1-47F5-B848-36C4BE6927CB}"
EndProject
Project("{8BC9CEB8-8B4A-11D0-8D11-00A0C91BC942}") = "example-6-7", "example-6-7\example-6-7.vcxproj", "{F4C11B26-01B5-4DBC-BDEE-BBF9E71A0082}"
EndProject
Project("{8BC9CEB8-8B4A-11D0-8D11-00A0C91BC942}") = "example-6-8", "example-6-8\example-6-8.vcxproj", "{26EF4432-D6F1-46EC-864B-9EDD36FA482E}"
EndProject
Project("{8BC9CEB8-8B4A-11D0-8D11-00A0C91BC942}") = "example-6-9", "example-6-9\example-6-9.vcxproj", "{8476AA6B-B721-479F-BB01-4C95554DE13C}"
EndProject
Project("{8BC9CEB8-8B4A-11D0-8D11-00A0C91BC942}") = "example-6-10", "example-6-10\example-6-10.vcxproj", "{1AEDC342-71AA-4763-9FEA-93E75969D1B6}"
EndProject
Project("{8BC9CEB8-8B4A-11D0-8D11-00A0C91BC942}") = "example-6-11", "example-6-11\example-6-11.vcxproj", "{64CB0938-5592-4F83-BB09-3CC357A78A4D}"
EndProject
Project("{8BC9CEB8-8B4A-11D0-8D11-00A0C91BC942}") = "example-6-12", "example-6-12\example-6-12.vcxproj", "{43D18A69-E85A-4EEE-8B3E-760875D19640}"
EndProject
Project("{8BC9CEB8-8B4A-11D0-8D11-00A0C91BC942}") = "example-6-13", "example-6-13\example-6-13.vcxproj", "{FC28E125-9991-4C2F-BEAD-FCBA67C7209B}"
EndProject
Project("{8BC9CEB8-8B4A-11D0-8D11-00A0C91BC942}") = "example-6-14", "example-6-14\example-6-14.vcxproj", "{E2B4FD28-9C32-429D-898E-22E966443C72}"
EndProject
Project("{8BC9CEB8-8B4A-11D0-8D11-00A0C91BC942}") = "example-6-17", "example-6-17\example-6-17.vcxproj", "{AE20DCEB-874F-4202-8FFF-65C8635300B1}"
EndProject
Project("{8BC9CEB8-8B4A-11D0-8D11-00A0C91BC942}") = "example-7-1", "example-7-1\example-7-1.vcxproj", "{27C61920-D6C1-4C1E-84E8-30E39B845415}"
EndProject
Project("{8BC9CEB8-8B4A-11D0-8D11-00A0C91BC942}") = "example-7-2", "example-7-2\example-7-2.vcxproj", "{BAEAEC4C-383D-4296-8796-762C2B9FC8AB}"
EndProject
Project("{8BC9CEB8-8B4A-11D0-8D11-00A0C91BC942}") = "example-7-3", "example-7-3\example-7-3.vcxproj", "{F4C8DA0A-2046-4A44-9925-2DCB48C65DAE}"
EndProject
Project("{8BC9CEB8-8B4A-11D0-8D11-00A0C91BC942}") = "example-7-4", "example-7-4\example-7-4.vcxproj", "{552FF6DD-F403-4CBC-99A9-9C3E5A1E61F4}"
EndProject
Project("{8BC9CEB8-8B4A-11D0-8D11-00A0C91BC942}") = "example-7-6", "example-7-6\example-7-6.vcxproj", "{B52DEF32-6BE3-4607-96F0-3F4645331DFE}"
EndProject
Project("{8BC9CEB8-8B4A-11D0-8D11-00A0C91BC942}") = "example-7-5", "example-7-5\example-7-5.vcxproj", "{BC23B618-24B5-4C81-9A86-4B6F87B9BB11}"
EndProject
Project("{8BC9CEB8-8B4A-11D0-8D11-00A0C91BC942}") = "example-7-7", "example-7-7\example-7-7.vcxproj", "{03ECE493-640F-4BB4-939C-EAFE09D7680C}"
EndProject
Project("{8BC9CEB8-8B4A-11D0-8D11-00A0C91BC942}") = "example-7-8", "example-7-8\example-7-8.vcxproj", "{A748C4F2-7068-4CEC-B2A9-0CC43D9DCB63}"
EndProject
Project("{8BC9CEB8-8B4A-11D0-8D11-00A0C91BC942}") = "example-7-9", "example-7-9\example-7-9.vcxproj", "{A9DAC0DB-FBCA-4C29-80B4-3D5B25F5CF54}"
EndProject
Project("{8BC9CEB8-8B4A-11D0-8D11-00A0C91BC942}") = "example-7-10", "example-7-10\example-7-10.vcxproj", "{1579AF8B-2B45-480F-BC92-8C8F4010A6BC}"
EndProject
Project("{8BC9CEB8-8B4A-11D0-8D11-00A0C91BC942}") = "example-7-11", "example-7-11\example-7-11.vcxproj", "{FBE9DCAD-3F4C-4342-AD3C-C0F93D505E3F}"
EndProject
Project("{8BC9CEB8-8B4A-11D0-8D11-00A0C91BC942}") = "example-7-12", "example-7-12\example-7-12.vcxproj", "{BB807053-FFE2-4974-91F8-2165CB059758}"
EndProject
Project("{8BC9CEB8-8B4A-11D0-8D11-00A0C91BC942}") = "example-7-13", "example-7-13\example-7-13.vcxproj", "{B9472A90-FF14-4A63-9A42-6D8CC17B9FDD}"
EndProject
Project("{8BC9CEB8-8B4A-11D0-8D11-00A0C91BC942}") = "example-7-14", "example-7-14\example-7-14.vcxproj", "{5E191A97-764B-47BB-9D7A-B9598440C223}"
EndProject
Project("{8BC9CEB8-8B4A-11D0-8D11-00A0C91BC942}") = "example-7-15", "example-7-15\example-7-15.vcxproj", "{F2B807A3-2657-4889-A60A-7A63839F7D94}"
EndProject
Project("{8BC9CEB8-8B4A-11D0-8D11-00A0C91BC942}") = "example-7-16", "example-7-16\example-7-16.vcxproj", "{1308C406-D266-42A4-B424-BFFAD764F35F}"
EndProject
Project("{8BC9CEB8-8B4A-11D0-8D11-00A0C91BC942}") = "example-7-17", "example-7-17\example-7-17.vcxproj", "{07F1C395-A755-4310-BC5B-7A638374C8AC}"
EndProject
Project("{8BC9CEB8-8B4A-11D0-8D11-00A0C91BC942}") = "example-7-18", "example-7-18\example-7-18.vcxproj", "{16AFAFF8-70CD-4E53-BDC2-ED3BA2BB6E4A}"
EndProject
Project("{8BC9CEB8-8B4A-11D0-8D11-00A0C91BC942}") = "ex0801", "ex0801\ex0801.vcxproj", "{681A2564-38DF-4013-8A1A-4122AD911EB5}"
EndProject
Project("{8BC9CEB8-8B4A-11D0-8D11-00A0C91BC942}") = "ex0802", "ex0802\ex0802.vcxproj", "{DD023BB4-F9A3-4C25-8CEB-9F80EC8880EC}"
EndProject
Project("{8BC9CEB8-8B4A-11D0-8D11-00A0C91BC942}") = "ex0803", "ex0803\ex0803.vcxproj", "{E423E2E0-175E-49A9-BB2E-8510715894D2}"
EndProject
Project("{8BC9CEB8-8B4A-11D0-8D11-00A0C91BC942}") = "ex0804", "ex0804\ex0804.vcxproj", "{907566DF-84F7-48B6-A934-75802425CFF9}"
EndProject
Project("{8BC9CEB8-8B4A-11D0-8D11-00A0C91BC942}") = "ex0805", "ex0805\ex0805.vcxproj", "{F82C0E4E-6617-4CB3-89C6-0FAC9087E90E}"
EndProject
Project("{8BC9CEB8-8B4A-11D0-8D11-00A0C91BC942}") = "ex0806", "ex0806\ex0806.vcxproj", "{F12A8D9C-0AD1-409B-89C9-3872535EE18C}"
EndProject
Project("{8BC9CEB8-8B4A-11D0-8D11-00A0C91BC942}") = "ex0807", "ex0807\ex0807.vcxproj", "{71E5A09F-859F-44BB-BC70-EB5C5A30A5B9}"
EndProject
Project("{8BC9CEB8-8B4A-11D0-8D11-00A0C91BC942}") = "ex0808", "ex0808\ex0808.vcxproj", "{96D6F387-1E6F-4794-B044-9ECECFA7892A}"
EndProject
Global
	GlobalSection(SolutionConfigurationPlatforms) = preSolution
		Debug|x64 = Debug|x64
		Debug|x86 = Debug|x86
		Release|x64 = Release|x64
		Release|x86 = Release|x86
	EndGlobalSection
	GlobalSection(ProjectConfigurationPlatforms) = postSolution
		{F3874E45-27D6-4D85-8985-ABA492001099}.Debug|x64.ActiveCfg = Debug|x64
		{F3874E45-27D6-4D85-8985-ABA492001099}.Debug|x64.Build.0 = Debug|x64
		{F3874E45-27D6-4D85-8985-ABA492001099}.Debug|x86.ActiveCfg = Debug|Win32
		{F3874E45-27D6-4D85-8985-ABA492001099}.Debug|x86.Build.0 = Debug|Win32
		{F3874E45-27D6-4D85-8985-ABA492001099}.Release|x64.ActiveCfg = Release|x64
		{F3874E45-27D6-4D85-8985-ABA492001099}.Release|x64.Build.0 = Release|x64
		{F3874E45-27D6-4D85-8985-ABA492001099}.Release|x86.ActiveCfg = Release|Win32
		{F3874E45-27D6-4D85-8985-ABA492001099}.Release|x86.Build.0 = Release|Win32
		{D00CE7A0-1EF1-49C5-BE83-E6D130A88358}.Debug|x64.ActiveCfg = Debug|x64
		{D00CE7A0-1EF1-49C5-BE83-E6D130A88358}.Debug|x64.Build.0 = Debug|x64
		{D00CE7A0-1EF1-49C5-BE83-E6D130A88358}.Debug|x86.ActiveCfg = Debug|Win32
		{D00CE7A0-1EF1-49C5-BE83-E6D130A88358}.Debug|x86.Build.0 = Debug|Win32
		{D00CE7A0-1EF1-49C5-BE83-E6D130A88358}.Release|x64.ActiveCfg = Release|x64
		{D00CE7A0-1EF1-49C5-BE83-E6D130A88358}.Release|x64.Build.0 = Release|x64
		{D00CE7A0-1EF1-49C5-BE83-E6D130A88358}.Release|x86.ActiveCfg = Release|Win32
		{D00CE7A0-1EF1-49C5-BE83-E6D130A88358}.Release|x86.Build.0 = Release|Win32
		{868F931C-3D1A-435B-B536-26E5F5CEF586}.Debug|x64.ActiveCfg = Debug|x64
		{868F931C-3D1A-435B-B536-26E5F5CEF586}.Debug|x64.Build.0 = Debug|x64
		{868F931C-3D1A-435B-B536-26E5F5CEF586}.Debug|x86.ActiveCfg = Debug|Win32
		{868F931C-3D1A-435B-B536-26E5F5CEF586}.Debug|x86.Build.0 = Debug|Win32
		{868F931C-3D1A-435B-B536-26E5F5CEF586}.Release|x64.ActiveCfg = Release|x64
		{868F931C-3D1A-435B-B536-26E5F5CEF586}.Release|x64.Build.0 = Release|x64
		{868F931C-3D1A-435B-B536-26E5F5CEF586}.Release|x86.ActiveCfg = Release|Win32
		{868F931C-3D1A-435B-B536-26E5F5CEF586}.Release|x86.Build.0 = Release|Win32
		{30DF48C6-CB39-4FA5-AFD3-069D4464BFDF}.Debug|x64.ActiveCfg = Debug|x64
		{30DF48C6-CB39-4FA5-AFD3-069D4464BFDF}.Debug|x64.Build.0 = Debug|x64
		{30DF48C6-CB39-4FA5-AFD3-069D4464BFDF}.Debug|x86.ActiveCfg = Debug|Win32
		{30DF48C6-CB39-4FA5-AFD3-069D4464BFDF}.Debug|x86.Build.0 = Debug|Win32
		{30DF48C6-CB39-4FA5-AFD3-069D4464BFDF}.Release|x64.ActiveCfg = Release|x64
		{30DF48C6-CB39-4FA5-AFD3-069D4464BFDF}.Release|x64.Build.0 = Release|x64
		{30DF48C6-CB39-4FA5-AFD3-069D4464BFDF}.Release|x86.ActiveCfg = Release|Win32
		{30DF48C6-CB39-4FA5-AFD3-069D4464BFDF}.Release|x86.Build.0 = Release|Win32
		{D94CB930-0BF8-4E0B-9385-42D4F4E02C73}.Debug|x64.ActiveCfg = Debug|x64
		{D94CB930-0BF8-4E0B-9385-42D4F4E02C73}.Debug|x64.Build.0 = Debug|x64
		{D94CB930-0BF8-4E0B-9385-42D4F4E02C73}.Debug|x86.ActiveCfg = Debug|Win32
		{D94CB930-0BF8-4E0B-9385-42D4F4E02C73}.Debug|x86.Build.0 = Debug|Win32
		{D94CB930-0BF8-4E0B-9385-42D4F4E02C73}.Release|x64.ActiveCfg = Release|x64
		{D94CB930-0BF8-4E0B-9385-42D4F4E02C73}.Release|x64.Build.0 = Release|x64
		{D94CB930-0BF8-4E0B-9385-42D4F4E02C73}.Release|x86.ActiveCfg = Release|Win32
		{D94CB930-0BF8-4E0B-9385-42D4F4E02C73}.Release|x86.Build.0 = Release|Win32
		{996A1E9D-D279-4827-9D92-15BD02F4A298}.Debug|x64.ActiveCfg = Debug|x64
		{996A1E9D-D279-4827-9D92-15BD02F4A298}.Debug|x64.Build.0 = Debug|x64
		{996A1E9D-D279-4827-9D92-15BD02F4A298}.Debug|x86.ActiveCfg = Debug|Win32
		{996A1E9D-D279-4827-9D92-15BD02F4A298}.Debug|x86.Build.0 = Debug|Win32
		{996A1E9D-D279-4827-9D92-15BD02F4A298}.Release|x64.ActiveCfg = Release|x64
		{996A1E9D-D279-4827-9D92-15BD02F4A298}.Release|x64.Build.0 = Release|x64
		{996A1E9D-D279-4827-9D92-15BD02F4A298}.Release|x86.ActiveCfg = Release|Win32
		{996A1E9D-D279-4827-9D92-15BD02F4A298}.Release|x86.Build.0 = Release|Win32
		{4A5C57A8-8C37-474C-8712-046BEFBD1BAE}.Debug|x64.ActiveCfg = Debug|x64
		{4A5C57A8-8C37-474C-8712-046BEFBD1BAE}.Debug|x64.Build.0 = Debug|x64
		{4A5C57A8-8C37-474C-8712-046BEFBD1BAE}.Debug|x86.ActiveCfg = Debug|Win32
		{4A5C57A8-8C37-474C-8712-046BEFBD1BAE}.Debug|x86.Build.0 = Debug|Win32
		{4A5C57A8-8C37-474C-8712-046BEFBD1BAE}.Release|x64.ActiveCfg = Release|x64
		{4A5C57A8-8C37-474C-8712-046BEFBD1BAE}.Release|x64.Build.0 = Release|x64
		{4A5C57A8-8C37-474C-8712-046BEFBD1BAE}.Release|x86.ActiveCfg = Release|Win32
		{4A5C57A8-8C37-474C-8712-046BEFBD1BAE}.Release|x86.Build.0 = Release|Win32
		{82D8A7B7-2986-40A1-B556-47BE40111810}.Debug|x64.ActiveCfg = Debug|x64
		{82D8A7B7-2986-40A1-B556-47BE40111810}.Debug|x64.Build.0 = Debug|x64
		{82D8A7B7-2986-40A1-B556-47BE40111810}.Debug|x86.ActiveCfg = Debug|Win32
		{82D8A7B7-2986-40A1-B556-47BE40111810}.Debug|x86.Build.0 = Debug|Win32
		{82D8A7B7-2986-40A1-B556-47BE40111810}.Release|x64.ActiveCfg = Release|x64
		{82D8A7B7-2986-40A1-B556-47BE40111810}.Release|x64.Build.0 = Release|x64
		{82D8A7B7-2986-40A1-B556-47BE40111810}.Release|x86.ActiveCfg = Release|Win32
		{82D8A7B7-2986-40A1-B556-47BE40111810}.Release|x86.Build.0 = Release|Win32
		{91A39AA6-50AA-4814-948D-67578E670927}.Debug|x64.ActiveCfg = Debug|x64
		{91A39AA6-50AA-4814-948D-67578E670927}.Debug|x64.Build.0 = Debug|x64
		{91A39AA6-50AA-4814-948D-67578E670927}.Debug|x86.ActiveCfg = Debug|Win32
		{91A39AA6-50AA-4814-948D-67578E670927}.Debug|x86.Build.0 = Debug|Win32
		{91A39AA6-50AA-4814-948D-67578E670927}.Release|x64.ActiveCfg = Release|x64
		{91A39AA6-50AA-4814-948D-67578E670927}.Release|x64.Build.0 = Release|x64
		{91A39AA6-50AA-4814-948D-67578E670927}.Release|x86.ActiveCfg = Release|Win32
		{91A39AA6-50AA-4814-948D-67578E670927}.Release|x86.Build.0 = Release|Win32
		{DD749A43-46DA-4376-8A85-2EE4E25278DA}.Debug|x64.ActiveCfg = Debug|x64
		{DD749A43-46DA-4376-8A85-2EE4E25278DA}.Debug|x64.Build.0 = Debug|x64
		{DD749A43-46DA-4376-8A85-2EE4E25278DA}.Debug|x86.ActiveCfg = Debug|Win32
		{DD749A43-46DA-4376-8A85-2EE4E25278DA}.Debug|x86.Build.0 = Debug|Win32
		{DD749A43-46DA-4376-8A85-2EE4E25278DA}.Release|x64.ActiveCfg = Release|x64
		{DD749A43-46DA-4376-8A85-2EE4E25278DA}.Release|x64.Build.0 = Release|x64
		{DD749A43-46DA-4376-8A85-2EE4E25278DA}.Release|x86.ActiveCfg = Release|Win32
		{DD749A43-46DA-4376-8A85-2EE4E25278DA}.Release|x86.Build.0 = Release|Win32
		{E1626DA6-397D-4B20-932B-299EF3C98DFF}.Debug|x64.ActiveCfg = Debug|x64
		{E1626DA6-397D-4B20-932B-299EF3C98DFF}.Debug|x64.Build.0 = Debug|x64
		{E1626DA6-397D-4B20-932B-299EF3C98DFF}.Debug|x86.ActiveCfg = Debug|Win32
		{E1626DA6-397D-4B20-932B-299EF3C98DFF}.Debug|x86.Build.0 = Debug|Win32
		{E1626DA6-397D-4B20-932B-299EF3C98DFF}.Release|x64.ActiveCfg = Release|x64
		{E1626DA6-397D-4B20-932B-299EF3C98DFF}.Release|x64.Build.0 = Release|x64
		{E1626DA6-397D-4B20-932B-299EF3C98DFF}.Release|x86.ActiveCfg = Release|Win32
		{E1626DA6-397D-4B20-932B-299EF3C98DFF}.Release|x86.Build.0 = Release|Win32
		{D941333D-B21F-42F3-B710-7D56D8647880}.Debug|x64.ActiveCfg = Debug|x64
		{D941333D-B21F-42F3-B710-7D56D8647880}.Debug|x64.Build.0 = Debug|x64
		{D941333D-B21F-42F3-B710-7D56D8647880}.Debug|x86.ActiveCfg = Debug|Win32
		{D941333D-B21F-42F3-B710-7D56D8647880}.Debug|x86.Build.0 = Debug|Win32
		{D941333D-B21F-42F3-B710-7D56D8647880}.Release|x64.ActiveCfg = Release|x64
		{D941333D-B21F-42F3-B710-7D56D8647880}.Release|x64.Build.0 = Release|x64
		{D941333D-B21F-42F3-B710-7D56D8647880}.Release|x86.ActiveCfg = Release|Win32
		{D941333D-B21F-42F3-B710-7D56D8647880}.Release|x86.Build.0 = Release|Win32
		{FD76ED74-0F9B-4E3A-BFE1-A2A4239EB74F}.Debug|x64.ActiveCfg = Debug|x64
		{FD76ED74-0F9B-4E3A-BFE1-A2A4239EB74F}.Debug|x64.Build.0 = Debug|x64
		{FD76ED74-0F9B-4E3A-BFE1-A2A4239EB74F}.Debug|x86.ActiveCfg = Debug|Win32
		{FD76ED74-0F9B-4E3A-BFE1-A2A4239EB74F}.Debug|x86.Build.0 = Debug|Win32
		{FD76ED74-0F9B-4E3A-BFE1-A2A4239EB74F}.Release|x64.ActiveCfg = Release|x64
		{FD76ED74-0F9B-4E3A-BFE1-A2A4239EB74F}.Release|x64.Build.0 = Release|x64
		{FD76ED74-0F9B-4E3A-BFE1-A2A4239EB74F}.Release|x86.ActiveCfg = Release|Win32
		{FD76ED74-0F9B-4E3A-BFE1-A2A4239EB74F}.Release|x86.Build.0 = Release|Win32
		{327392B7-8CF3-4EC9-9697-9996BAFB7EA3}.Debug|x64.ActiveCfg = Debug|x64
		{327392B7-8CF3-4EC9-9697-9996BAFB7EA3}.Debug|x64.Build.0 = Debug|x64
		{327392B7-8CF3-4EC9-9697-9996BAFB7EA3}.Debug|x86.ActiveCfg = Debug|Win32
		{327392B7-8CF3-4EC9-9697-9996BAFB7EA3}.Debug|x86.Build.0 = Debug|Win32
		{327392B7-8CF3-4EC9-9697-9996BAFB7EA3}.Release|x64.ActiveCfg = Release|x64
		{327392B7-8CF3-4EC9-9697-9996BAFB7EA3}.Release|x64.Build.0 = Release|x64
		{327392B7-8CF3-4EC9-9697-9996BAFB7EA3}.Release|x86.ActiveCfg = Release|Win32
		{327392B7-8CF3-4EC9-9697-9996BAFB7EA3}.Release|x86.Build.0 = Release|Win32
		{5D63427E-D1CB-4E26-9D66-8153DE006AC1}.Debug|x64.ActiveCfg = Debug|x64
		{5D63427E-D1CB-4E26-9D66-8153DE006AC1}.Debug|x64.Build.0 = Debug|x64
		{5D63427E-D1CB-4E26-9D66-8153DE006AC1}.Debug|x86.ActiveCfg = Debug|Win32
		{5D63427E-D1CB-4E26-9D66-8153DE006AC1}.Debug|x86.Build.0 = Debug|Win32
		{5D63427E-D1CB-4E26-9D66-8153DE006AC1}.Release|x64.ActiveCfg = Release|x64
		{5D63427E-D1CB-4E26-9D66-8153DE006AC1}.Release|x64.Build.0 = Release|x64
		{5D63427E-D1CB-4E26-9D66-8153DE006AC1}.Release|x86.ActiveCfg = Release|Win32
		{5D63427E-D1CB-4E26-9D66-8153DE006AC1}.Release|x86.Build.0 = Release|Win32
		{6AF72AA2-B00A-40E4-9063-FDFAB3D99DB0}.Debug|x64.ActiveCfg = Debug|x64
		{6AF72AA2-B00A-40E4-9063-FDFAB3D99DB0}.Debug|x64.Build.0 = Debug|x64
		{6AF72AA2-B00A-40E4-9063-FDFAB3D99DB0}.Debug|x86.ActiveCfg = Debug|Win32
		{6AF72AA2-B00A-40E4-9063-FDFAB3D99DB0}.Debug|x86.Build.0 = Debug|Win32
		{6AF72AA2-B00A-40E4-9063-FDFAB3D99DB0}.Release|x64.ActiveCfg = Release|x64
		{6AF72AA2-B00A-40E4-9063-FDFAB3D99DB0}.Release|x64.Build.0 = Release|x64
		{6AF72AA2-B00A-40E4-9063-FDFAB3D99DB0}.Release|x86.ActiveCfg = Release|Win32
		{6AF72AA2-B00A-40E4-9063-FDFAB3D99DB0}.Release|x86.Build.0 = Release|Win32
		{92F46AA5-6DE9-43A7-B248-E88F0F84CEB6}.Debug|x64.ActiveCfg = Debug|x64
		{92F46AA5-6DE9-43A7-B248-E88F0F84CEB6}.Debug|x64.Build.0 = Debug|x64
		{92F46AA5-6DE9-43A7-B248-E88F0F84CEB6}.Debug|x86.ActiveCfg = Debug|Win32
		{92F46AA5-6DE9-43A7-B248-E88F0F84CEB6}.Debug|x86.Build.0 = Debug|Win32
		{92F46AA5-6DE9-43A7-B248-E88F0F84CEB6}.Release|x64.ActiveCfg = Release|x64
		{92F46AA5-6DE9-43A7-B248-E88F0F84CEB6}.Release|x64.Build.0 = Release|x64
		{92F46AA5-6DE9-43A7-B248-E88F0F84CEB6}.Release|x86.ActiveCfg = Release|Win32
		{92F46AA5-6DE9-43A7-B248-E88F0F84CEB6}.Release|x86.Build.0 = Release|Win32
		{D4043C1A-62C7-492A-9234-742B7DB5CD44}.Debug|x64.ActiveCfg = Debug|x64
		{D4043C1A-62C7-492A-9234-742B7DB5CD44}.Debug|x64.Build.0 = Debug|x64
		{D4043C1A-62C7-492A-9234-742B7DB5CD44}.Debug|x86.ActiveCfg = Debug|Win32
		{D4043C1A-62C7-492A-9234-742B7DB5CD44}.Debug|x86.Build.0 = Debug|Win32
		{D4043C1A-62C7-492A-9234-742B7DB5CD44}.Release|x64.ActiveCfg = Release|x64
		{D4043C1A-62C7-492A-9234-742B7DB5CD44}.Release|x64.Build.0 = Release|x64
		{D4043C1A-62C7-492A-9234-742B7DB5CD44}.Release|x86.ActiveCfg = Release|Win32
		{D4043C1A-62C7-492A-9234-742B7DB5CD44}.Release|x86.Build.0 = Release|Win32
		{4F983BD8-0125-479F-8351-931BB3B5B9DC}.Debug|x64.ActiveCfg = Debug|x64
		{4F983BD8-0125-479F-8351-931BB3B5B9DC}.Debug|x64.Build.0 = Debug|x64
		{4F983BD8-0125-479F-8351-931BB3B5B9DC}.Debug|x86.ActiveCfg = Debug|Win32
		{4F983BD8-0125-479F-8351-931BB3B5B9DC}.Debug|x86.Build.0 = Debug|Win32
		{4F983BD8-0125-479F-8351-931BB3B5B9DC}.Release|x64.ActiveCfg = Release|x64
		{4F983BD8-0125-479F-8351-931BB3B5B9DC}.Release|x64.Build.0 = Release|x64
		{4F983BD8-0125-479F-8351-931BB3B5B9DC}.Release|x86.ActiveCfg = Release|Win32
		{4F983BD8-0125-479F-8351-931BB3B5B9DC}.Release|x86.Build.0 = Release|Win32
		{B534626C-8A55-49DC-8B87-0D303B1C6E9B}.Debug|x64.ActiveCfg = Debug|x64
		{B534626C-8A55-49DC-8B87-0D303B1C6E9B}.Debug|x64.Build.0 = Debug|x64
		{B534626C-8A55-49DC-8B87-0D303B1C6E9B}.Debug|x86.ActiveCfg = Debug|Win32
		{B534626C-8A55-49DC-8B87-0D303B1C6E9B}.Debug|x86.Build.0 = Debug|Win32
		{B534626C-8A55-49DC-8B87-0D303B1C6E9B}.Release|x64.ActiveCfg = Release|x64
		{B534626C-8A55-49DC-8B87-0D303B1C6E9B}.Release|x64.Build.0 = Release|x64
		{B534626C-8A55-49DC-8B87-0D303B1C6E9B}.Release|x86.ActiveCfg = Release|Win32
		{B534626C-8A55-49DC-8B87-0D303B1C6E9B}.Release|x86.Build.0 = Release|Win32
		{A83741F1-6DB1-4DD3-B298-D630274F7D97}.Debug|x64.ActiveCfg = Debug|x64
		{A83741F1-6DB1-4DD3-B298-D630274F7D97}.Debug|x64.Build.0 = Debug|x64
		{A83741F1-6DB1-4DD3-B298-D630274F7D97}.Debug|x86.ActiveCfg = Debug|Win32
		{A83741F1-6DB1-4DD3-B298-D630274F7D97}.Debug|x86.Build.0 = Debug|Win32
		{A83741F1-6DB1-4DD3-B298-D630274F7D97}.Release|x64.ActiveCfg = Release|x64
		{A83741F1-6DB1-4DD3-B298-D630274F7D97}.Release|x64.Build.0 = Release|x64
		{A83741F1-6DB1-4DD3-B298-D630274F7D97}.Release|x86.ActiveCfg = Release|Win32
		{A83741F1-6DB1-4DD3-B298-D630274F7D97}.Release|x86.Build.0 = Release|Win32
		{B9479776-1ABD-41A1-9638-EFC52F5444D9}.Debug|x64.ActiveCfg = Debug|x64
		{B9479776-1ABD-41A1-9638-EFC52F5444D9}.Debug|x64.Build.0 = Debug|x64
		{B9479776-1ABD-41A1-9638-EFC52F5444D9}.Debug|x86.ActiveCfg = Debug|Win32
		{B9479776-1ABD-41A1-9638-EFC52F5444D9}.Debug|x86.Build.0 = Debug|Win32
		{B9479776-1ABD-41A1-9638-EFC52F5444D9}.Release|x64.ActiveCfg = Release|x64
		{B9479776-1ABD-41A1-9638-EFC52F5444D9}.Release|x64.Build.0 = Release|x64
		{B9479776-1ABD-41A1-9638-EFC52F5444D9}.Release|x86.ActiveCfg = Release|Win32
		{B9479776-1ABD-41A1-9638-EFC52F5444D9}.Release|x86.Build.0 = Release|Win32
		{0FBC5553-C516-4D2E-8BC5-493209F8DC81}.Debug|x64.ActiveCfg = Debug|x64
		{0FBC5553-C516-4D2E-8BC5-493209F8DC81}.Debug|x64.Build.0 = Debug|x64
		{0FBC5553-C516-4D2E-8BC5-493209F8DC81}.Debug|x86.ActiveCfg = Debug|Win32
		{0FBC5553-C516-4D2E-8BC5-493209F8DC81}.Debug|x86.Build.0 = Debug|Win32
		{0FBC5553-C516-4D2E-8BC5-493209F8DC81}.Release|x64.ActiveCfg = Release|x64
		{0FBC5553-C516-4D2E-8BC5-493209F8DC81}.Release|x64.Build.0 = Release|x64
		{0FBC5553-C516-4D2E-8BC5-493209F8DC81}.Release|x86.ActiveCfg = Release|Win32
		{0FBC5553-C516-4D2E-8BC5-493209F8DC81}.Release|x86.Build.0 = Release|Win32
		{5306C749-FC80-4605-A2C7-5E09B43A5CFD}.Debug|x64.ActiveCfg = Debug|x64
		{5306C749-FC80-4605-A2C7-5E09B43A5CFD}.Debug|x64.Build.0 = Debug|x64
		{5306C749-FC80-4605-A2C7-5E09B43A5CFD}.Debug|x86.ActiveCfg = Debug|Win32
		{5306C749-FC80-4605-A2C7-5E09B43A5CFD}.Debug|x86.Build.0 = Debug|Win32
		{5306C749-FC80-4605-A2C7-5E09B43A5CFD}.Release|x64.ActiveCfg = Release|x64
		{5306C749-FC80-4605-A2C7-5E09B43A5CFD}.Release|x64.Build.0 = Release|x64
		{5306C749-FC80-4605-A2C7-5E09B43A5CFD}.Release|x86.ActiveCfg = Release|Win32
		{5306C749-FC80-4605-A2C7-5E09B43A5CFD}.Release|x86.Build.0 = Release|Win32
		{0C75A9D6-7BCD-494F-88B1-DB0C426363A7}.Debug|x64.ActiveCfg = Debug|x64
		{0C75A9D6-7BCD-494F-88B1-DB0C426363A7}.Debug|x64.Build.0 = Debug|x64
		{0C75A9D6-7BCD-494F-88B1-DB0C426363A7}.Debug|x86.ActiveCfg = Debug|Win32
		{0C75A9D6-7BCD-494F-88B1-DB0C426363A7}.Debug|x86.Build.0 = Debug|Win32
		{0C75A9D6-7BCD-494F-88B1-DB0C426363A7}.Release|x64.ActiveCfg = Release|x64
		{0C75A9D6-7BCD-494F-88B1-DB0C426363A7}.Release|x64.Build.0 = Release|x64
		{0C75A9D6-7BCD-494F-88B1-DB0C426363A7}.Release|x86.ActiveCfg = Release|Win32
		{0C75A9D6-7BCD-494F-88B1-DB0C426363A7}.Release|x86.Build.0 = Release|Win32
		{0007A451-3CDA-4E23-8536-F33D8B4EF5DF}.Debug|x64.ActiveCfg = Debug|x64
		{0007A451-3CDA-4E23-8536-F33D8B4EF5DF}.Debug|x64.Build.0 = Debug|x64
		{0007A451-3CDA-4E23-8536-F33D8B4EF5DF}.Debug|x86.ActiveCfg = Debug|Win32
		{0007A451-3CDA-4E23-8536-F33D8B4EF5DF}.Debug|x86.Build.0 = Debug|Win32
		{0007A451-3CDA-4E23-8536-F33D8B4EF5DF}.Release|x64.ActiveCfg = Release|x64
		{0007A451-3CDA-4E23-8536-F33D8B4EF5DF}.Release|x64.Build.0 = Release|x64
		{0007A451-3CDA-4E23-8536-F33D8B4EF5DF}.Release|x86.ActiveCfg = Release|Win32
		{0007A451-3CDA-4E23-8536-F33D8B4EF5DF}.Release|x86.Build.0 = Release|Win32
		{E8FD2AF1-8579-40BF-932F-3DC71AA3B597}.Debug|x64.ActiveCfg = Debug|x64
		{E8FD2AF1-8579-40BF-932F-3DC71AA3B597}.Debug|x64.Build.0 = Debug|x64
		{E8FD2AF1-8579-40BF-932F-3DC71AA3B597}.Debug|x86.ActiveCfg = Debug|Win32
		{E8FD2AF1-8579-40BF-932F-3DC71AA3B597}.Debug|x86.Build.0 = Debug|Win32
		{E8FD2AF1-8579-40BF-932F-3DC71AA3B597}.Release|x64.ActiveCfg = Release|x64
		{E8FD2AF1-8579-40BF-932F-3DC71AA3B597}.Release|x64.Build.0 = Release|x64
		{E8FD2AF1-8579-40BF-932F-3DC71AA3B597}.Release|x86.ActiveCfg = Release|Win32
		{E8FD2AF1-8579-40BF-932F-3DC71AA3B597}.Release|x86.Build.0 = Release|Win32
		{79882312-2FE2-4C50-AEB7-F050A6C4D918}.Debug|x64.ActiveCfg = Debug|x64
		{79882312-2FE2-4C50-AEB7-F050A6C4D918}.Debug|x64.Build.0 = Debug|x64
		{79882312-2FE2-4C50-AEB7-F050A6C4D918}.Debug|x86.ActiveCfg = Debug|Win32
		{79882312-2FE2-4C50-AEB7-F050A6C4D918}.Debug|x86.Build.0 = Debug|Win32
		{79882312-2FE2-4C50-AEB7-F050A6C4D918}.Release|x64.ActiveCfg = Release|x64
		{79882312-2FE2-4C50-AEB7-F050A6C4D918}.Release|x64.Build.0 = Release|x64
		{79882312-2FE2-4C50-AEB7-F050A6C4D918}.Release|x86.ActiveCfg = Release|Win32
		{79882312-2FE2-4C50-AEB7-F050A6C4D918}.Release|x86.Build.0 = Release|Win32
		{D243116D-4F81-44BA-AF1F-A325F09F0EFE}.Debug|x64.ActiveCfg = Debug|x64
		{D243116D-4F81-44BA-AF1F-A325F09F0EFE}.Debug|x64.Build.0 = Debug|x64
		{D243116D-4F81-44BA-AF1F-A325F09F0EFE}.Debug|x86.ActiveCfg = Debug|Win32
		{D243116D-4F81-44BA-AF1F-A325F09F0EFE}.Debug|x86.Build.0 = Debug|Win32
		{D243116D-4F81-44BA-AF1F-A325F09F0EFE}.Release|x64.ActiveCfg = Release|x64
		{D243116D-4F81-44BA-AF1F-A325F09F0EFE}.Release|x64.Build.0 = Release|x64
		{D243116D-4F81-44BA-AF1F-A325F09F0EFE}.Release|x86.ActiveCfg = Release|Win32
		{D243116D-4F81-44BA-AF1F-A325F09F0EFE}.Release|x86.Build.0 = Release|Win32
		{DF010524-9812-4599-82A4-36AD16C27A29}.Debug|x64.ActiveCfg = Debug|x64
		{DF010524-9812-4599-82A4-36AD16C27A29}.Debug|x64.Build.0 = Debug|x64
		{DF010524-9812-4599-82A4-36AD16C27A29}.Debug|x86.ActiveCfg = Debug|Win32
		{DF010524-9812-4599-82A4-36AD16C27A29}.Debug|x86.Build.0 = Debug|Win32
		{DF010524-9812-4599-82A4-36AD16C27A29}.Release|x64.ActiveCfg = Release|x64
		{DF010524-9812-4599-82A4-36AD16C27A29}.Release|x64.Build.0 = Release|x64
		{DF010524-9812-4599-82A4-36AD16C27A29}.Release|x86.ActiveCfg = Release|Win32
		{DF010524-9812-4599-82A4-36AD16C27A29}.Release|x86.Build.0 = Release|Win32
		{DB0E8E77-2D55-489C-8DFE-24E2315F8133}.Debug|x64.ActiveCfg = Debug|x64
		{DB0E8E77-2D55-489C-8DFE-24E2315F8133}.Debug|x64.Build.0 = Debug|x64
		{DB0E8E77-2D55-489C-8DFE-24E2315F8133}.Debug|x86.ActiveCfg = Debug|Win32
		{DB0E8E77-2D55-489C-8DFE-24E2315F8133}.Debug|x86.Build.0 = Debug|Win32
		{DB0E8E77-2D55-489C-8DFE-24E2315F8133}.Release|x64.ActiveCfg = Release|x64
		{DB0E8E77-2D55-489C-8DFE-24E2315F8133}.Release|x64.Build.0 = Release|x64
		{DB0E8E77-2D55-489C-8DFE-24E2315F8133}.Release|x86.ActiveCfg = Release|Win32
		{DB0E8E77-2D55-489C-8DFE-24E2315F8133}.Release|x86.Build.0 = Release|Win32
		{8DD1D11B-20EF-42F7-9187-F71AE78190CE}.Debug|x64.ActiveCfg = Debug|x64
		{8DD1D11B-20EF-42F7-9187-F71AE78190CE}.Debug|x64.Build.0 = Debug|x64
		{8DD1D11B-20EF-42F7-9187-F71AE78190CE}.Debug|x86.ActiveCfg = Debug|Win32
		{8DD1D11B-20EF-42F7-9187-F71AE78190CE}.Debug|x86.Build.0 = Debug|Win32
		{8DD1D11B-20EF-42F7-9187-F71AE78190CE}.Release|x64.ActiveCfg = Release|x64
		{8DD1D11B-20EF-42F7-9187-F71AE78190CE}.Release|x64.Build.0 = Release|x64
		{8DD1D11B-20EF-42F7-9187-F71AE78190CE}.Release|x86.ActiveCfg = Release|Win32
		{8DD1D11B-20EF-42F7-9187-F71AE78190CE}.Release|x86.Build.0 = Release|Win32
		{7D50E274-4ADA-4461-8E02-B467FF2C32C1}.Debug|x64.ActiveCfg = Debug|x64
		{7D50E274-4ADA-4461-8E02-B467FF2C32C1}.Debug|x64.Build.0 = Debug|x64
		{7D50E274-4ADA-4461-8E02-B467FF2C32C1}.Debug|x86.ActiveCfg = Debug|Win32
		{7D50E274-4ADA-4461-8E02-B467FF2C32C1}.Debug|x86.Build.0 = Debug|Win32
		{7D50E274-4ADA-4461-8E02-B467FF2C32C1}.Release|x64.ActiveCfg = Release|x64
		{7D50E274-4ADA-4461-8E02-B467FF2C32C1}.Release|x64.Build.0 = Release|x64
		{7D50E274-4ADA-4461-8E02-B467FF2C32C1}.Release|x86.ActiveCfg = Release|Win32
		{7D50E274-4ADA-4461-8E02-B467FF2C32C1}.Release|x86.Build.0 = Release|Win32
		{FE99CD73-E5AF-4861-A0F5-400A71761475}.Debug|x64.ActiveCfg = Debug|x64
		{FE99CD73-E5AF-4861-A0F5-400A71761475}.Debug|x64.Build.0 = Debug|x64
		{FE99CD73-E5AF-4861-A0F5-400A71761475}.Debug|x86.ActiveCfg = Debug|Win32
		{FE99CD73-E5AF-4861-A0F5-400A71761475}.Debug|x86.Build.0 = Debug|Win32
		{FE99CD73-E5AF-4861-A0F5-400A71761475}.Release|x64.ActiveCfg = Release|x64
		{FE99CD73-E5AF-4861-A0F5-400A71761475}.Release|x64.Build.0 = Release|x64
		{FE99CD73-E5AF-4861-A0F5-400A71761475}.Release|x86.ActiveCfg = Release|Win32
		{FE99CD73-E5AF-4861-A0F5-400A71761475}.Release|x86.Build.0 = Release|Win32
		{327883A2-6969-453A-BA9E-7D7228984185}.Debug|x64.ActiveCfg = Debug|x64
		{327883A2-6969-453A-BA9E-7D7228984185}.Debug|x64.Build.0 = Debug|x64
		{327883A2-6969-453A-BA9E-7D7228984185}.Debug|x86.ActiveCfg = Debug|Win32
		{327883A2-6969-453A-BA9E-7D7228984185}.Debug|x86.Build.0 = Debug|Win32
		{327883A2-6969-453A-BA9E-7D7228984185}.Release|x64.ActiveCfg = Release|x64
		{327883A2-6969-453A-BA9E-7D7228984185}.Release|x64.Build.0 = Release|x64
		{327883A2-6969-453A-BA9E-7D7228984185}.Release|x86.ActiveCfg = Release|Win32
		{327883A2-6969-453A-BA9E-7D7228984185}.Release|x86.Build.0 = Release|Win32
		{A58BB3D5-20C8-4C2A-BA6C-927C7E02968B}.Debug|x64.ActiveCfg = Debug|x64
		{A58BB3D5-20C8-4C2A-BA6C-927C7E02968B}.Debug|x64.Build.0 = Debug|x64
		{A58BB3D5-20C8-4C2A-BA6C-927C7E02968B}.Debug|x86.ActiveCfg = Debug|Win32
		{A58BB3D5-20C8-4C2A-BA6C-927C7E02968B}.Debug|x86.Build.0 = Debug|Win32
		{A58BB3D5-20C8-4C2A-BA6C-927C7E02968B}.Release|x64.ActiveCfg = Release|x64
		{A58BB3D5-20C8-4C2A-BA6C-927C7E02968B}.Release|x64.Build.0 = Release|x64
		{A58BB3D5-20C8-4C2A-BA6C-927C7E02968B}.Release|x86.ActiveCfg = Release|Win32
		{A58BB3D5-20C8-4C2A-BA6C-927C7E02968B}.Release|x86.Build.0 = Release|Win32
		{3DF2F51B-EFF1-47F5-B848-36C4BE6927CB}.Debug|x64.ActiveCfg = Debug|x64
		{3DF2F51B-EFF1-47F5-B848-36C4BE6927CB}.Debug|x64.Build.0 = Debug|x64
		{3DF2F51B-EFF1-47F5-B848-36C4BE6927CB}.Debug|x86.ActiveCfg = Debug|Win32
		{3DF2F51B-EFF1-47F5-B848-36C4BE6927CB}.Debug|x86.Build.0 = Debug|Win32
		{3DF2F51B-EFF1-47F5-B848-36C4BE6927CB}.Release|x64.ActiveCfg = Release|x64
		{3DF2F51B-EFF1-47F5-B848-36C4BE6927CB}.Release|x64.Build.0 = Release|x64
		{3DF2F51B-EFF1-47F5-B848-36C4BE6927CB}.Release|x86.ActiveCfg = Release|Win32
		{3DF2F51B-EFF1-47F5-B848-36C4BE6927CB}.Release|x86.Build.0 = Release|Win32
		{F4C11B26-01B5-4DBC-BDEE-BBF9E71A0082}.Debug|x64.ActiveCfg = Debug|x64
		{F4C11B26-01B5-4DBC-BDEE-BBF9E71A0082}.Debug|x64.Build.0 = Debug|x64
		{F4C11B26-01B5-4DBC-BDEE-BBF9E71A0082}.Debug|x86.ActiveCfg = Debug|Win32
		{F4C11B26-01B5-4DBC-BDEE-BBF9E71A0082}.Debug|x86.Build.0 = Debug|Win32
		{F4C11B26-01B5-4DBC-BDEE-BBF9E71A0082}.Release|x64.ActiveCfg = Release|x64
		{F4C11B26-01B5-4DBC-BDEE-BBF9E71A0082}.Release|x64.Build.0 = Release|x64
		{F4C11B26-01B5-4DBC-BDEE-BBF9E71A0082}.Release|x86.ActiveCfg = Release|Win32
		{F4C11B26-01B5-4DBC-BDEE-BBF9E71A0082}.Release|x86.Build.0 = Release|Win32
		{26EF4432-D6F1-46EC-864B-9EDD36FA482E}.Debug|x64.ActiveCfg = Debug|x64
		{26EF4432-D6F1-46EC-864B-9EDD36FA482E}.Debug|x64.Build.0 = Debug|x64
		{26EF4432-D6F1-46EC-864B-9EDD36FA482E}.Debug|x86.ActiveCfg = Debug|Win32
		{26EF4432-D6F1-46EC-864B-9EDD36FA482E}.Debug|x86.Build.0 = Debug|Win32
		{26EF4432-D6F1-46EC-864B-9EDD36FA482E}.Release|x64.ActiveCfg = Release|x64
		{26EF4432-D6F1-46EC-864B-9EDD36FA482E}.Release|x64.Build.0 = Release|x64
		{26EF4432-D6F1-46EC-864B-9EDD36FA482E}.Release|x86.ActiveCfg = Release|Win32
		{26EF4432-D6F1-46EC-864B-9EDD36FA482E}.Release|x86.Build.0 = Release|Win32
		{8476AA6B-B721-479F-BB01-4C95554DE13C}.Debug|x64.ActiveCfg = Debug|x64
		{8476AA6B-B721-479F-BB01-4C95554DE13C}.Debug|x64.Build.0 = Debug|x64
		{8476AA6B-B721-479F-BB01-4C95554DE13C}.Debug|x86.ActiveCfg = Debug|Win32
		{8476AA6B-B721-479F-BB01-4C95554DE13C}.Debug|x86.Build.0 = Debug|Win32
		{8476AA6B-B721-479F-BB01-4C95554DE13C}.Release|x64.ActiveCfg = Release|x64
		{8476AA6B-B721-479F-BB01-4C95554DE13C}.Release|x64.Build.0 = Release|x64
		{8476AA6B-B721-479F-BB01-4C95554DE13C}.Release|x86.ActiveCfg = Release|Win32
		{8476AA6B-B721-479F-BB01-4C95554DE13C}.Release|x86.Build.0 = Release|Win32
		{1AEDC342-71AA-4763-9FEA-93E75969D1B6}.Debug|x64.ActiveCfg = Debug|x64
		{1AEDC342-71AA-4763-9FEA-93E75969D1B6}.Debug|x64.Build.0 = Debug|x64
		{1AEDC342-71AA-4763-9FEA-93E75969D1B6}.Debug|x86.ActiveCfg = Debug|Win32
		{1AEDC342-71AA-4763-9FEA-93E75969D1B6}.Debug|x86.Build.0 = Debug|Win32
		{1AEDC342-71AA-4763-9FEA-93E75969D1B6}.Release|x64.ActiveCfg = Release|x64
		{1AEDC342-71AA-4763-9FEA-93E75969D1B6}.Release|x64.Build.0 = Release|x64
		{1AEDC342-71AA-4763-9FEA-93E75969D1B6}.Release|x86.ActiveCfg = Release|Win32
		{1AEDC342-71AA-4763-9FEA-93E75969D1B6}.Release|x86.Build.0 = Release|Win32
		{64CB0938-5592-4F83-BB09-3CC357A78A4D}.Debug|x64.ActiveCfg = Debug|x64
		{64CB0938-5592-4F83-BB09-3CC357A78A4D}.Debug|x64.Build.0 = Debug|x64
		{64CB0938-5592-4F83-BB09-3CC357A78A4D}.Debug|x86.ActiveCfg = Debug|Win32
		{64CB0938-5592-4F83-BB09-3CC357A78A4D}.Debug|x86.Build.0 = Debug|Win32
		{64CB0938-5592-4F83-BB09-3CC357A78A4D}.Release|x64.ActiveCfg = Release|x64
		{64CB0938-5592-4F83-BB09-3CC357A78A4D}.Release|x64.Build.0 = Release|x64
		{64CB0938-5592-4F83-BB09-3CC357A78A4D}.Release|x86.ActiveCfg = Release|Win32
		{64CB0938-5592-4F83-BB09-3CC357A78A4D}.Release|x86.Build.0 = Release|Win32
		{43D18A69-E85A-4EEE-8B3E-760875D19640}.Debug|x64.ActiveCfg = Debug|x64
		{43D18A69-E85A-4EEE-8B3E-760875D19640}.Debug|x64.Build.0 = Debug|x64
		{43D18A69-E85A-4EEE-8B3E-760875D19640}.Debug|x86.ActiveCfg = Debug|Win32
		{43D18A69-E85A-4EEE-8B3E-760875D19640}.Debug|x86.Build.0 = Debug|Win32
		{43D18A69-E85A-4EEE-8B3E-760875D19640}.Release|x64.ActiveCfg = Release|x64
		{43D18A69-E85A-4EEE-8B3E-760875D19640}.Release|x64.Build.0 = Release|x64
		{43D18A69-E85A-4EEE-8B3E-760875D19640}.Release|x86.ActiveCfg = Release|Win32
		{43D18A69-E85A-4EEE-8B3E-760875D19640}.Release|x86.Build.0 = Release|Win32
		{FC28E125-9991-4C2F-BEAD-FCBA67C7209B}.Debug|x64.ActiveCfg = Debug|x64
		{FC28E125-9991-4C2F-BEAD-FCBA67C7209B}.Debug|x64.Build.0 = Debug|x64
		{FC28E125-9991-4C2F-BEAD-FCBA67C7209B}.Debug|x86.ActiveCfg = Debug|Win32
		{FC28E125-9991-4C2F-BEAD-FCBA67C7209B}.Debug|x86.Build.0 = Debug|Win32
		{FC28E125-9991-4C2F-BEAD-FCBA67C7209B}.Release|x64.ActiveCfg = Release|x64
		{FC28E125-9991-4C2F-BEAD-FCBA67C7209B}.Release|x64.Build.0 = Release|x64
		{FC28E125-9991-4C2F-BEAD-FCBA67C7209B}.Release|x86.ActiveCfg = Release|Win32
		{FC28E125-9991-4C2F-BEAD-FCBA67C7209B}.Release|x86.Build.0 = Release|Win32
		{E2B4FD28-9C32-429D-898E-22E966443C72}.Debug|x64.ActiveCfg = Debug|x64
		{E2B4FD28-9C32-429D-898E-22E966443C72}.Debug|x64.Build.0 = Debug|x64
		{E2B4FD28-9C32-429D-898E-22E966443C72}.Debug|x86.ActiveCfg = Debug|Win32
		{E2B4FD28-9C32-429D-898E-22E966443C72}.Debug|x86.Build.0 = Debug|Win32
		{E2B4FD28-9C32-429D-898E-22E966443C72}.Release|x64.ActiveCfg = Release|x64
		{E2B4FD28-9C32-429D-898E-22E966443C72}.Release|x64.Build.0 = Release|x64
		{E2B4FD28-9C32-429D-898E-22E966443C72}.Release|x86.ActiveCfg = Release|Win32
		{E2B4FD28-9C32-429D-898E-22E966443C72}.Release|x86.Build.0 = Release|Win32
		{AE20DCEB-874F-4202-8FFF-65C8635300B1}.Debug|x64.ActiveCfg = Debug|x64
		{AE20DCEB-874F-4202-8FFF-65C8635300B1}.Debug|x64.Build.0 = Debug|x64
		{AE20DCEB-874F-4202-8FFF-65C8635300B1}.Debug|x86.ActiveCfg = Debug|Win32
		{AE20DCEB-874F-4202-8FFF-65C8635300B1}.Debug|x86.Build.0 = Debug|Win32
		{AE20DCEB-874F-4202-8FFF-65C8635300B1}.Release|x64.ActiveCfg = Release|x64
		{AE20DCEB-874F-4202-8FFF-65C8635300B1}.Release|x64.Build.0 = Release|x64
		{AE20DCEB-874F-4202-8FFF-65C8635300B1}.Release|x86.ActiveCfg = Release|Win32
		{AE20DCEB-874F-4202-8FFF-65C8635300B1}.Release|x86.Build.0 = Release|Win32
		{27C61920-D6C1-4C1E-84E8-30E39B845415}.Debug|x64.ActiveCfg = Debug|x64
		{27C61920-D6C1-4C1E-84E8-30E39B845415}.Debug|x64.Build.0 = Debug|x64
		{27C61920-D6C1-4C1E-84E8-30E39B845415}.Debug|x86.ActiveCfg = Debug|Win32
		{27C61920-D6C1-4C1E-84E8-30E39B845415}.Debug|x86.Build.0 = Debug|Win32
		{27C61920-D6C1-4C1E-84E8-30E39B845415}.Release|x64.ActiveCfg = Release|x64
		{27C61920-D6C1-4C1E-84E8-30E39B845415}.Release|x64.Build.0 = Release|x64
		{27C61920-D6C1-4C1E-84E8-30E39B845415}.Release|x86.ActiveCfg = Release|Win32
		{27C61920-D6C1-4C1E-84E8-30E39B845415}.Release|x86.Build.0 = Release|Win32
		{BAEAEC4C-383D-4296-8796-762C2B9FC8AB}.Debug|x64.ActiveCfg = Debug|x64
		{BAEAEC4C-383D-4296-8796-762C2B9FC8AB}.Debug|x64.Build.0 = Debug|x64
		{BAEAEC4C-383D-4296-8796-762C2B9FC8AB}.Debug|x86.ActiveCfg = Debug|Win32
		{BAEAEC4C-383D-4296-8796-762C2B9FC8AB}.Debug|x86.Build.0 = Debug|Win32
		{BAEAEC4C-383D-4296-8796-762C2B9FC8AB}.Release|x64.ActiveCfg = Release|x64
		{BAEAEC4C-383D-4296-8796-762C2B9FC8AB}.Release|x64.Build.0 = Release|x64
		{BAEAEC4C-383D-4296-8796-762C2B9FC8AB}.Release|x86.ActiveCfg = Release|Win32
		{BAEAEC4C-383D-4296-8796-762C2B9FC8AB}.Release|x86.Build.0 = Release|Win32
		{F4C8DA0A-2046-4A44-9925-2DCB48C65DAE}.Debug|x64.ActiveCfg = Debug|x64
		{F4C8DA0A-2046-4A44-9925-2DCB48C65DAE}.Debug|x64.Build.0 = Debug|x64
		{F4C8DA0A-2046-4A44-9925-2DCB48C65DAE}.Debug|x86.ActiveCfg = Debug|Win32
		{F4C8DA0A-2046-4A44-9925-2DCB48C65DAE}.Debug|x86.Build.0 = Debug|Win32
		{F4C8DA0A-2046-4A44-9925-2DCB48C65DAE}.Release|x64.ActiveCfg = Release|x64
		{F4C8DA0A-2046-4A44-9925-2DCB48C65DAE}.Release|x64.Build.0 = Release|x64
		{F4C8DA0A-2046-4A44-9925-2DCB48C65DAE}.Release|x86.ActiveCfg = Release|Win32
		{F4C8DA0A-2046-4A44-9925-2DCB48C65DAE}.Release|x86.Build.0 = Release|Win32
		{552FF6DD-F403-4CBC-99A9-9C3E5A1E61F4}.Debug|x64.ActiveCfg = Debug|x64
		{552FF6DD-F403-4CBC-99A9-9C3E5A1E61F4}.Debug|x64.Build.0 = Debug|x64
		{552FF6DD-F403-4CBC-99A9-9C3E5A1E61F4}.Debug|x86.ActiveCfg = Debug|Win32
		{552FF6DD-F403-4CBC-99A9-9C3E5A1E61F4}.Debug|x86.Build.0 = Debug|Win32
		{552FF6DD-F403-4CBC-99A9-9C3E5A1E61F4}.Release|x64.ActiveCfg = Release|x64
		{552FF6DD-F403-4CBC-99A9-9C3E5A1E61F4}.Release|x64.Build.0 = Release|x64
		{552FF6DD-F403-4CBC-99A9-9C3E5A1E61F4}.Release|x86.ActiveCfg = Release|Win32
		{552FF6DD-F403-4CBC-99A9-9C3E5A1E61F4}.Release|x86.Build.0 = Release|Win32
		{B52DEF32-6BE3-4607-96F0-3F4645331DFE}.Debug|x64.ActiveCfg = Debug|x64
		{B52DEF32-6BE3-4607-96F0-3F4645331DFE}.Debug|x64.Build.0 = Debug|x64
		{B52DEF32-6BE3-4607-96F0-3F4645331DFE}.Debug|x86.ActiveCfg = Debug|Win32
		{B52DEF32-6BE3-4607-96F0-3F4645331DFE}.Debug|x86.Build.0 = Debug|Win32
		{B52DEF32-6BE3-4607-96F0-3F4645331DFE}.Release|x64.ActiveCfg = Release|x64
		{B52DEF32-6BE3-4607-96F0-3F4645331DFE}.Release|x64.Build.0 = Release|x64
		{B52DEF32-6BE3-4607-96F0-3F4645331DFE}.Release|x86.ActiveCfg = Release|Win32
		{B52DEF32-6BE3-4607-96F0-3F4645331DFE}.Release|x86.Build.0 = Release|Win32
		{BC23B618-24B5-4C81-9A86-4B6F87B9BB11}.Debug|x64.ActiveCfg = Debug|x64
		{BC23B618-24B5-4C81-9A86-4B6F87B9BB11}.Debug|x64.Build.0 = Debug|x64
		{BC23B618-24B5-4C81-9A86-4B6F87B9BB11}.Debug|x86.ActiveCfg = Debug|Win32
		{BC23B618-24B5-4C81-9A86-4B6F87B9BB11}.Debug|x86.Build.0 = Debug|Win32
		{BC23B618-24B5-4C81-9A86-4B6F87B9BB11}.Release|x64.ActiveCfg = Release|x64
		{BC23B618-24B5-4C81-9A86-4B6F87B9BB11}.Release|x64.Build.0 = Release|x64
		{BC23B618-24B5-4C81-9A86-4B6F87B9BB11}.Release|x86.ActiveCfg = Release|Win32
		{BC23B618-24B5-4C81-9A86-4B6F87B9BB11}.Release|x86.Build.0 = Release|Win32
		{03ECE493-640F-4BB4-939C-EAFE09D7680C}.Debug|x64.ActiveCfg = Debug|x64
		{03ECE493-640F-4BB4-939C-EAFE09D7680C}.Debug|x64.Build.0 = Debug|x64
		{03ECE493-640F-4BB4-939C-EAFE09D7680C}.Debug|x86.ActiveCfg = Debug|Win32
		{03ECE493-640F-4BB4-939C-EAFE09D7680C}.Debug|x86.Build.0 = Debug|Win32
		{03ECE493-640F-4BB4-939C-EAFE09D7680C}.Release|x64.ActiveCfg = Release|x64
		{03ECE493-640F-4BB4-939C-EAFE09D7680C}.Release|x64.Build.0 = Release|x64
		{03ECE493-640F-4BB4-939C-EAFE09D7680C}.Release|x86.ActiveCfg = Release|Win32
		{03ECE493-640F-4BB4-939C-EAFE09D7680C}.Release|x86.Build.0 = Release|Win32
		{A748C4F2-7068-4CEC-B2A9-0CC43D9DCB63}.Debug|x64.ActiveCfg = Debug|x64
		{A748C4F2-7068-4CEC-B2A9-0CC43D9DCB63}.Debug|x64.Build.0 = Debug|x64
		{A748C4F2-7068-4CEC-B2A9-0CC43D9DCB63}.Debug|x86.ActiveCfg = Debug|Win32
		{A748C4F2-7068-4CEC-B2A9-0CC43D9DCB63}.Debug|x86.Build.0 = Debug|Win32
		{A748C4F2-7068-4CEC-B2A9-0CC43D9DCB63}.Release|x64.ActiveCfg = Release|x64
		{A748C4F2-7068-4CEC-B2A9-0CC43D9DCB63}.Release|x64.Build.0 = Release|x64
		{A748C4F2-7068-4CEC-B2A9-0CC43D9DCB63}.Release|x86.ActiveCfg = Release|Win32
		{A748C4F2-7068-4CEC-B2A9-0CC43D9DCB63}.Release|x86.Build.0 = Release|Win32
		{A9DAC0DB-FBCA-4C29-80B4-3D5B25F5CF54}.Debug|x64.ActiveCfg = Debug|x64
		{A9DAC0DB-FBCA-4C29-80B4-3D5B25F5CF54}.Debug|x64.Build.0 = Debug|x64
		{A9DAC0DB-FBCA-4C29-80B4-3D5B25F5CF54}.Debug|x86.ActiveCfg = Debug|Win32
		{A9DAC0DB-FBCA-4C29-80B4-3D5B25F5CF54}.Debug|x86.Build.0 = Debug|Win32
		{A9DAC0DB-FBCA-4C29-80B4-3D5B25F5CF54}.Release|x64.ActiveCfg = Release|x64
		{A9DAC0DB-FBCA-4C29-80B4-3D5B25F5CF54}.Release|x64.Build.0 = Release|x64
		{A9DAC0DB-FBCA-4C29-80B4-3D5B25F5CF54}.Release|x86.ActiveCfg = Release|Win32
		{A9DAC0DB-FBCA-4C29-80B4-3D5B25F5CF54}.Release|x86.Build.0 = Release|Win32
		{1579AF8B-2B45-480F-BC92-8C8F4010A6BC}.Debug|x64.ActiveCfg = Debug|x64
		{1579AF8B-2B45-480F-BC92-8C8F4010A6BC}.Debug|x64.Build.0 = Debug|x64
		{1579AF8B-2B45-480F-BC92-8C8F4010A6BC}.Debug|x86.ActiveCfg = Debug|Win32
		{1579AF8B-2B45-480F-BC92-8C8F4010A6BC}.Debug|x86.Build.0 = Debug|Win32
		{1579AF8B-2B45-480F-BC92-8C8F4010A6BC}.Release|x64.ActiveCfg = Release|x64
		{1579AF8B-2B45-480F-BC92-8C8F4010A6BC}.Release|x64.Build.0 = Release|x64
		{1579AF8B-2B45-480F-BC92-8C8F4010A6BC}.Release|x86.ActiveCfg = Release|Win32
		{1579AF8B-2B45-480F-BC92-8C8F4010A6BC}.Release|x86.Build.0 = Release|Win32
		{FBE9DCAD-3F4C-4342-AD3C-C0F93D505E3F}.Debug|x64.ActiveCfg = Debug|x64
		{FBE9DCAD-3F4C-4342-AD3C-C0F93D505E3F}.Debug|x64.Build.0 = Debug|x64
		{FBE9DCAD-3F4C-4342-AD3C-C0F93D505E3F}.Debug|x86.ActiveCfg = Debug|Win32
		{FBE9DCAD-3F4C-4342-AD3C-C0F93D505E3F}.Debug|x86.Build.0 = Debug|Win32
		{FBE9DCAD-3F4C-4342-AD3C-C0F93D505E3F}.Release|x64.ActiveCfg = Release|x64
		{FBE9DCAD-3F4C-4342-AD3C-C0F93D505E3F}.Release|x64.Build.0 = Release|x64
		{FBE9DCAD-3F4C-4342-AD3C-C0F93D505E3F}.Release|x86.ActiveCfg = Release|Win32
		{FBE9DCAD-3F4C-4342-AD3C-C0F93D505E3F}.Release|x86.Build.0 = Release|Win32
		{BB807053-FFE2-4974-91F8-2165CB059758}.Debug|x64.ActiveCfg = Debug|x64
		{BB807053-FFE2-4974-91F8-2165CB059758}.Debug|x64.Build.0 = Debug|x64
		{BB807053-FFE2-4974-91F8-2165CB059758}.Debug|x86.ActiveCfg = Debug|Win32
		{BB807053-FFE2-4974-91F8-2165CB059758}.Debug|x86.Build.0 = Debug|Win32
		{BB807053-FFE2-4974-91F8-2165CB059758}.Release|x64.ActiveCfg = Release|x64
		{BB807053-FFE2-4974-91F8-2165CB059758}.Release|x64.Build.0 = Release|x64
		{BB807053-FFE2-4974-91F8-2165CB059758}.Release|x86.ActiveCfg = Release|Win32
		{BB807053-FFE2-4974-91F8-2165CB059758}.Release|x86.Build.0 = Release|Win32
		{B9472A90-FF14-4A63-9A42-6D8CC17B9FDD}.Debug|x64.ActiveCfg = Debug|x64
		{B9472A90-FF14-4A63-9A42-6D8CC17B9FDD}.Debug|x64.Build.0 = Debug|x64
		{B9472A90-FF14-4A63-9A42-6D8CC17B9FDD}.Debug|x86.ActiveCfg = Debug|Win32
		{B9472A90-FF14-4A63-9A42-6D8CC17B9FDD}.Debug|x86.Build.0 = Debug|Win32
		{B9472A90-FF14-4A63-9A42-6D8CC17B9FDD}.Release|x64.ActiveCfg = Release|x64
		{B9472A90-FF14-4A63-9A42-6D8CC17B9FDD}.Release|x64.Build.0 = Release|x64
		{B9472A90-FF14-4A63-9A42-6D8CC17B9FDD}.Release|x86.ActiveCfg = Release|Win32
		{B9472A90-FF14-4A63-9A42-6D8CC17B9FDD}.Release|x86.Build.0 = Release|Win32
		{5E191A97-764B-47BB-9D7A-B9598440C223}.Debug|x64.ActiveCfg = Debug|x64
		{5E191A97-764B-47BB-9D7A-B9598440C223}.Debug|x64.Build.0 = Debug|x64
		{5E191A97-764B-47BB-9D7A-B9598440C223}.Debug|x86.ActiveCfg = Debug|Win32
		{5E191A97-764B-47BB-9D7A-B9598440C223}.Debug|x86.Build.0 = Debug|Win32
		{5E191A97-764B-47BB-9D7A-B9598440C223}.Release|x64.ActiveCfg = Release|x64
		{5E191A97-764B-47BB-9D7A-B9598440C223}.Release|x64.Build.0 = Release|x64
		{5E191A97-764B-47BB-9D7A-B9598440C223}.Release|x86.ActiveCfg = Release|Win32
		{5E191A97-764B-47BB-9D7A-B9598440C223}.Release|x86.Build.0 = Release|Win32
		{F2B807A3-2657-4889-A60A-7A63839F7D94}.Debug|x64.ActiveCfg = Debug|x64
		{F2B807A3-2657-4889-A60A-7A63839F7D94}.Debug|x64.Build.0 = Debug|x64
		{F2B807A3-2657-4889-A60A-7A63839F7D94}.Debug|x86.ActiveCfg = Debug|Win32
		{F2B807A3-2657-4889-A60A-7A63839F7D94}.Debug|x86.Build.0 = Debug|Win32
		{F2B807A3-2657-4889-A60A-7A63839F7D94}.Release|x64.ActiveCfg = Release|x64
		{F2B807A3-2657-4889-A60A-7A63839F7D94}.Release|x64.Build.0 = Release|x64
		{F2B807A3-2657-4889-A60A-7A63839F7D94}.Release|x86.ActiveCfg = Release|Win32
		{F2B807A3-2657-4889-A60A-7A63839F7D94}.Release|x86.Build.0 = Release|Win32
		{1308C406-D266-42A4-B424-BFFAD764F35F}.Debug|x64.ActiveCfg = Debug|x64
		{1308C406-D266-42A4-B424-BFFAD764F35F}.Debug|x64.Build.0 = Debug|x64
		{1308C406-D266-42A4-B424-BFFAD764F35F}.Debug|x86.ActiveCfg = Debug|Win32
		{1308C406-D266-42A4-B424-BFFAD764F35F}.Debug|x86.Build.0 = Debug|Win32
		{1308C406-D266-42A4-B424-BFFAD764F35F}.Release|x64.ActiveCfg = Release|x64
		{1308C406-D266-42A4-B424-BFFAD764F35F}.Release|x64.Build.0 = Release|x64
		{1308C406-D266-42A4-B424-BFFAD764F35F}.Release|x86.ActiveCfg = Release|Win32
		{1308C406-D266-42A4-B424-BFFAD764F35F}.Release|x86.Build.0 = Release|Win32
		{07F1C395-A755-4310-BC5B-7A638374C8AC}.Debug|x64.ActiveCfg = Debug|x64
		{07F1C395-A755-4310-BC5B-7A638374C8AC}.Debug|x64.Build.0 = Debug|x64
		{07F1C395-A755-4310-BC5B-7A638374C8AC}.Debug|x86.ActiveCfg = Debug|Win32
		{07F1C395-A755-4310-BC5B-7A638374C8AC}.Debug|x86.Build.0 = Debug|Win32
		{07F1C395-A755-4310-BC5B-7A638374C8AC}.Release|x64.ActiveCfg = Release|x64
		{07F1C395-A755-4310-BC5B-7A638374C8AC}.Release|x64.Build.0 = Release|x64
		{07F1C395-A755-4310-BC5B-7A638374C8AC}.Release|x86.ActiveCfg = Release|Win32
		{07F1C395-A755-4310-BC5B-7A638374C8AC}.Release|x86.Build.0 = Release|Win32
		{16AFAFF8-70CD-4E53-BDC2-ED3BA2BB6E4A}.Debug|x64.ActiveCfg = Debug|x64
		{16AFAFF8-70CD-4E53-BDC2-ED3BA2BB6E4A}.Debug|x64.Build.0 = Debug|x64
		{16AFAFF8-70CD-4E53-BDC2-ED3BA2BB6E4A}.Debug|x86.ActiveCfg = Debug|Win32
		{16AFAFF8-70CD-4E53-BDC2-ED3BA2BB6E4A}.Debug|x86.Build.0 = Debug|Win32
		{16AFAFF8-70CD-4E53-BDC2-ED3BA2BB6E4A}.Release|x64.ActiveCfg = Release|x64
		{16AFAFF8-70CD-4E53-BDC2-ED3BA2BB6E4A}.Release|x64.Build.0 = Release|x64
		{16AFAFF8-70CD-4E53-BDC2-ED3BA2BB6E4A}.Release|x86.ActiveCfg = Release|Win32
		{16AFAFF8-70CD-4E53-BDC2-ED3BA2BB6E4A}.Release|x86.Build.0 = Release|Win32
		{681A2564-38DF-4013-8A1A-4122AD911EB5}.Debug|x64.ActiveCfg = Debug|x64
		{681A2564-38DF-4013-8A1A-4122AD911EB5}.Debug|x64.Build.0 = Debug|x64
		{681A2564-38DF-4013-8A1A-4122AD911EB5}.Debug|x86.ActiveCfg = Debug|Win32
		{681A2564-38DF-4013-8A1A-4122AD911EB5}.Debug|x86.Build.0 = Debug|Win32
		{681A2564-38DF-4013-8A1A-4122AD911EB5}.Release|x64.ActiveCfg = Release|x64
		{681A2564-38DF-4013-8A1A-4122AD911EB5}.Release|x64.Build.0 = Release|x64
		{681A2564-38DF-4013-8A1A-4122AD911EB5}.Release|x86.ActiveCfg = Release|Win32
		{681A2564-38DF-4013-8A1A-4122AD911EB5}.Release|x86.Build.0 = Release|Win32
		{DD023BB4-F9A3-4C25-8CEB-9F80EC8880EC}.Debug|x64.ActiveCfg = Debug|x64
		{DD023BB4-F9A3-4C25-8CEB-9F80EC8880EC}.Debug|x64.Build.0 = Debug|x64
		{DD023BB4-F9A3-4C25-8CEB-9F80EC8880EC}.Debug|x86.ActiveCfg = Debug|Win32
		{DD023BB4-F9A3-4C25-8CEB-9F80EC8880EC}.Debug|x86.Build.0 = Debug|Win32
		{DD023BB4-F9A3-4C25-8CEB-9F80EC8880EC}.Release|x64.ActiveCfg = Release|x64
		{DD023BB4-F9A3-4C25-8CEB-9F80EC8880EC}.Release|x64.Build.0 = Release|x64
		{DD023BB4-F9A3-4C25-8CEB-9F80EC8880EC}.Release|x86.ActiveCfg = Release|Win32
		{DD023BB4-F9A3-4C25-8CEB-9F80EC8880EC}.Release|x86.Build.0 = Release|Win32
		{E423E2E0-175E-49A9-BB2E-8510715894D2}.Debug|x64.ActiveCfg = Debug|x64
		{E423E2E0-175E-49A9-BB2E-8510715894D2}.Debug|x64.Build.0 = Debug|x64
		{E423E2E0-175E-49A9-BB2E-8510715894D2}.Debug|x86.ActiveCfg = Debug|Win32
		{E423E2E0-175E-49A9-BB2E-8510715894D2}.Debug|x86.Build.0 = Debug|Win32
		{E423E2E0-175E-49A9-BB2E-8510715894D2}.Release|x64.ActiveCfg = Release|x64
		{E423E2E0-175E-49A9-BB2E-8510715894D2}.Release|x64.Build.0 = Release|x64
		{E423E2E0-175E-49A9-BB2E-8510715894D2}.Release|x86.ActiveCfg = Release|Win32
		{E423E2E0-175E-49A9-BB2E-8510715894D2}.Release|x86.Build.0 = Release|Win32
		{907566DF-84F7-48B6-A934-75802425CFF9}.Debug|x64.ActiveCfg = Debug|x64
		{907566DF-84F7-48B6-A934-75802425CFF9}.Debug|x64.Build.0 = Debug|x64
		{907566DF-84F7-48B6-A934-75802425CFF9}.Debug|x86.ActiveCfg = Debug|Win32
		{907566DF-84F7-48B6-A934-75802425CFF9}.Debug|x86.Build.0 = Debug|Win32
		{907566DF-84F7-48B6-A934-75802425CFF9}.Release|x64.ActiveCfg = Release|x64
		{907566DF-84F7-48B6-A934-75802425CFF9}.Release|x64.Build.0 = Release|x64
		{907566DF-84F7-48B6-A934-75802425CFF9}.Release|x86.ActiveCfg = Release|Win32
		{907566DF-84F7-48B6-A934-75802425CFF9}.Release|x86.Build.0 = Release|Win32
		{F82C0E4E-6617-4CB3-89C6-0FAC9087E90E}.Debug|x64.ActiveCfg = Debug|x64
		{F82C0E4E-6617-4CB3-89C6-0FAC9087E90E}.Debug|x64.Build.0 = Debug|x64
		{F82C0E4E-6617-4CB3-89C6-0FAC9087E90E}.Debug|x86.ActiveCfg = Debug|Win32
		{F82C0E4E-6617-4CB3-89C6-0FAC9087E90E}.Debug|x86.Build.0 = Debug|Win32
		{F82C0E4E-6617-4CB3-89C6-0FAC9087E90E}.Release|x64.ActiveCfg = Release|x64
		{F82C0E4E-6617-4CB3-89C6-0FAC9087E90E}.Release|x64.Build.0 = Release|x64
		{F82C0E4E-6617-4CB3-89C6-0FAC9087E90E}.Release|x86.ActiveCfg = Release|Win32
		{F82C0E4E-6617-4CB3-89C6-0FAC9087E90E}.Release|x86.Build.0 = Release|Win32
		{F12A8D9C-0AD1-409B-89C9-3872535EE18C}.Debug|x64.ActiveCfg = Debug|x64
		{F12A8D9C-0AD1-409B-89C9-3872535EE18C}.Debug|x64.Build.0 = Debug|x64
		{F12A8D9C-0AD1-409B-89C9-3872535EE18C}.Debug|x86.ActiveCfg = Debug|Win32
		{F12A8D9C-0AD1-409B-89C9-3872535EE18C}.Debug|x86.Build.0 = Debug|Win32
		{F12A8D9C-0AD1-409B-89C9-3872535EE18C}.Release|x64.ActiveCfg = Release|x64
		{F12A8D9C-0AD1-409B-89C9-3872535EE18C}.Release|x64.Build.0 = Release|x64
		{F12A8D9C-0AD1-409B-89C9-3872535EE18C}.Release|x86.ActiveCfg = Release|Win32
		{F12A8D9C-0AD1-409B-89C9-3872535EE18C}.Release|x86.Build.0 = Release|Win32
		{71E5A09F-859F-44BB-BC70-EB5C5A30A5B9}.Debug|x64.ActiveCfg = Debug|x64
		{71E5A09F-859F-44BB-BC70-EB5C5A30A5B9}.Debug|x64.Build.0 = Debug|x64
		{71E5A09F-859F-44BB-BC70-EB5C5A30A5B9}.Debug|x86.ActiveCfg = Debug|Win32
		{71E5A09F-859F-44BB-BC70-EB5C5A30A5B9}.Debug|x86.Build.0 = Debug|Win32
		{71E5A09F-859F-44BB-BC70-EB5C5A30A5B9}.Release|x64.ActiveCfg = Release|x64
		{71E5A09F-859F-44BB-BC70-EB5C5A30A5B9}.Release|x64.Build.0 = Release|x64
		{71E5A09F-859F-44BB-BC70-EB5C5A30A5B9}.Release|x86.ActiveCfg = Release|Win32
		{71E5A09F-859F-44BB-BC70-EB5C5A30A5B9}.Release|x86.Build.0 = Release|Win32
		{96D6F387-1E6F-4794-B044-9ECECFA7892A}.Debug|x64.ActiveCfg = Debug|x64
		{96D6F387-1E6F-4794-B044-9ECECFA7892A}.Debug|x64.Build.0 = Debug|x64
		{96D6F387-1E6F-4794-B044-9ECECFA7892A}.Debug|x86.ActiveCfg = Debug|Win32
		{96D6F387-1E6F-4794-B044-9ECECFA7892A}.Debug|x86.Build.0 = Debug|Win32
		{96D6F387-1E6F-4794-B044-9ECECFA7892A}.Release|x64.ActiveCfg = Release|x64
		{96D6F387-1E6F-4794-B044-9ECECFA7892A}.Release|x64.Build.0 = Release|x64
		{96D6F387-1E6F-4794-B044-9ECECFA7892A}.Release|x86.ActiveCfg = Release|Win32
		{96D6F387-1E6F-4794-B044-9ECECFA7892A}.Release|x86.Build.0 = Release|Win32
	EndGlobalSection
	GlobalSection(SolutionProperties) = preSolution
		HideSolutionNode = FALSE
	EndGlobalSection
	GlobalSection(ExtensibilityGlobals) = postSolution
		SolutionGuid = {A6A9127C-6468-4CEA-A187-867D2D77431E}
	EndGlobalSection
EndGlobal
